// !$*UTF8*$!
{
	archiveVersion = 1;
	classes = {
	};
	objectVersion = 51;
	objects = {

/* Begin PBXBuildFile section */
		3A5AE588251FBD94000E43C6 /* LaunchpadData.swift in Sources */ = {isa = PBXBuildFile; fileRef = 3A5AE587251FBD94000E43C6 /* LaunchpadData.swift */; };
		3A5AE58E251FC639000E43C6 /* LaunchpadController.swift in Sources */ = {isa = PBXBuildFile; fileRef = 3A5AE58D251FC639000E43C6 /* LaunchpadController.swift */; };
		3A5AE591251FC65E000E43C6 /* LaunchpadAssembler.swift in Sources */ = {isa = PBXBuildFile; fileRef = 3A5AE590251FC65E000E43C6 /* LaunchpadAssembler.swift */; };
		3A5AE595251FC8DD000E43C6 /* LaunchpadPresenter.swift in Sources */ = {isa = PBXBuildFile; fileRef = 3A5AE594251FC8DD000E43C6 /* LaunchpadPresenter.swift */; };
		3A5AE598251FC92F000E43C6 /* LaunchpadPresenterInput.swift in Sources */ = {isa = PBXBuildFile; fileRef = 3A5AE597251FC92F000E43C6 /* LaunchpadPresenterInput.swift */; };
		3A5AE59B251FCAC0000E43C6 /* LaunchpadPresenterOutput.swift in Sources */ = {isa = PBXBuildFile; fileRef = 3A5AE59A251FCAC0000E43C6 /* LaunchpadPresenterOutput.swift */; };
		3A5AE59F251FCD9E000E43C6 /* LaunchpadRouter.swift in Sources */ = {isa = PBXBuildFile; fileRef = 3A5AE59E251FCD9E000E43C6 /* LaunchpadRouter.swift */; };
		3A5AE5A2251FCDF2000E43C6 /* LaunchpadRouting.swift in Sources */ = {isa = PBXBuildFile; fileRef = 3A5AE5A1251FCDF2000E43C6 /* LaunchpadRouting.swift */; };
		3A5AE5A8252096ED000E43C6 /* LaunchpadInteractor.swift in Sources */ = {isa = PBXBuildFile; fileRef = 3A5AE5A7252096ED000E43C6 /* LaunchpadInteractor.swift */; };
		3A5AE5AB25209763000E43C6 /* LaunchpadInteractorInput.swift in Sources */ = {isa = PBXBuildFile; fileRef = 3A5AE5AA25209763000E43C6 /* LaunchpadInteractorInput.swift */; };
		3A5AE5AE25209789000E43C6 /* LaunchpadInteractorOutput.swift in Sources */ = {isa = PBXBuildFile; fileRef = 3A5AE5AD25209789000E43C6 /* LaunchpadInteractorOutput.swift */; };
		3A5AE5B225209C59000E43C6 /* LaunchpadTableHandler.swift in Sources */ = {isa = PBXBuildFile; fileRef = 3A5AE5B125209C59000E43C6 /* LaunchpadTableHandler.swift */; };
		3A5AE5B525209C93000E43C6 /* LaunchpadTableHandlerProtocol.swift in Sources */ = {isa = PBXBuildFile; fileRef = 3A5AE5B425209C93000E43C6 /* LaunchpadTableHandlerProtocol.swift */; };
		3A5AE5BA2520A047000E43C6 /* LaunchpadCell.swift in Sources */ = {isa = PBXBuildFile; fileRef = 3A5AE5B82520A047000E43C6 /* LaunchpadCell.swift */; };
		3A5AE5BB2520A047000E43C6 /* LaunchpadCell.xib in Resources */ = {isa = PBXBuildFile; fileRef = 3A5AE5B92520A047000E43C6 /* LaunchpadCell.xib */; };
		3A5AE5C325212284000E43C6 /* LaunchpadInfoController.swift in Sources */ = {isa = PBXBuildFile; fileRef = 3A5AE5C125212284000E43C6 /* LaunchpadInfoController.swift */; };
		3A5AE5C425212284000E43C6 /* LaunchpadInfoController.xib in Resources */ = {isa = PBXBuildFile; fileRef = 3A5AE5C225212284000E43C6 /* LaunchpadInfoController.xib */; };
		3A5AE5C825212394000E43C6 /* LaunchpadInfoAssembler.swift in Sources */ = {isa = PBXBuildFile; fileRef = 3A5AE5C725212394000E43C6 /* LaunchpadInfoAssembler.swift */; };
		3A5AE5D225213297000E43C6 /* LaunchpadInfoRouter.swift in Sources */ = {isa = PBXBuildFile; fileRef = 3A5AE5D125213297000E43C6 /* LaunchpadInfoRouter.swift */; };
		3A5AE5D525213334000E43C6 /* LaunchpadInfoRouting.swift in Sources */ = {isa = PBXBuildFile; fileRef = 3A5AE5D425213334000E43C6 /* LaunchpadInfoRouting.swift */; };
		3A5AE5DA25226E5F000E43C6 /* LaunchpadInfoPresenter.swift in Sources */ = {isa = PBXBuildFile; fileRef = 3A5AE5D925226E5F000E43C6 /* LaunchpadInfoPresenter.swift */; };
		3A5AE5DE25226F09000E43C6 /* LaunchpadInfoPresenterInput.swift in Sources */ = {isa = PBXBuildFile; fileRef = 3A5AE5DD25226F09000E43C6 /* LaunchpadInfoPresenterInput.swift */; };
		3A5AE5E12522701E000E43C6 /* LaunchpadInfoPresenterOutput.swift in Sources */ = {isa = PBXBuildFile; fileRef = 3A5AE5E02522701D000E43C6 /* LaunchpadInfoPresenterOutput.swift */; };
		3A5AE5E42522781B000E43C6 /* LaunchpadInfoInteractor.swift in Sources */ = {isa = PBXBuildFile; fileRef = 3A5AE5E32522781B000E43C6 /* LaunchpadInfoInteractor.swift */; };
		3A5AE5E725227A4A000E43C6 /* LaunchpadInfoInteractorInput.swift in Sources */ = {isa = PBXBuildFile; fileRef = 3A5AE5E625227A4A000E43C6 /* LaunchpadInfoInteractorInput.swift */; };
		3A5AE5EA25227AE4000E43C6 /* LaunchpadInfoInteractorOutput.swift in Sources */ = {isa = PBXBuildFile; fileRef = 3A5AE5E925227AE4000E43C6 /* LaunchpadInfoInteractorOutput.swift */; };
		3A5AE5EF25228A86000E43C6 /* LaunchpadInfoMapHandler.swift in Sources */ = {isa = PBXBuildFile; fileRef = 3A5AE5EE25228A86000E43C6 /* LaunchpadInfoMapHandler.swift */; };
		3A5AE5F225228AF2000E43C6 /* LaunchpadInfoMapHandlerProtocol.swift in Sources */ = {isa = PBXBuildFile; fileRef = 3A5AE5F125228AF2000E43C6 /* LaunchpadInfoMapHandlerProtocol.swift */; };
		3A5AE5F62523BE7C000E43C6 /* SettingsController.swift in Sources */ = {isa = PBXBuildFile; fileRef = 3A5AE5F52523BE7C000E43C6 /* SettingsController.swift */; };
		3A5AE5FB2523BF48000E43C6 /* SettingsAssembler.swift in Sources */ = {isa = PBXBuildFile; fileRef = 3A5AE5FA2523BF48000E43C6 /* SettingsAssembler.swift */; };
		3A5F40D825165074002460EA /* HeaderStarlinkCell.swift in Sources */ = {isa = PBXBuildFile; fileRef = 3A5F40D725165074002460EA /* HeaderStarlinkCell.swift */; };
		3A5F40DB25166A1A002460EA /* Enums.swift in Sources */ = {isa = PBXBuildFile; fileRef = 3A5F40DA25166A1A002460EA /* Enums.swift */; };
		3A5F40E02516925A002460EA /* LaunchInfoPresenter.swift in Sources */ = {isa = PBXBuildFile; fileRef = 3A5F40DF2516925A002460EA /* LaunchInfoPresenter.swift */; };
		3A5F40E42516929D002460EA /* LaunchInfoPresenterInput.swift in Sources */ = {isa = PBXBuildFile; fileRef = 3A5F40E32516929D002460EA /* LaunchInfoPresenterInput.swift */; };
		3A5F40E7251692BD002460EA /* LaunchInfoPresenterOutput.swift in Sources */ = {isa = PBXBuildFile; fileRef = 3A5F40E6251692BD002460EA /* LaunchInfoPresenterOutput.swift */; };
		3A5F40EB2516951A002460EA /* LaunchInfoInteractor.swift in Sources */ = {isa = PBXBuildFile; fileRef = 3A5F40EA2516951A002460EA /* LaunchInfoInteractor.swift */; };
		3A5F40EF25169558002460EA /* LaunchInfoInteractorInput.swift in Sources */ = {isa = PBXBuildFile; fileRef = 3A5F40EE25169558002460EA /* LaunchInfoInteractorInput.swift */; };
		3A5F40F225169593002460EA /* LaunchInfoInteractorOutput.swift in Sources */ = {isa = PBXBuildFile; fileRef = 3A5F40F125169593002460EA /* LaunchInfoInteractorOutput.swift */; };
		3A5F40FB2516A612002460EA /* LaunchInfoYoutubeHandler.swift in Sources */ = {isa = PBXBuildFile; fileRef = 3A5F40FA2516A612002460EA /* LaunchInfoYoutubeHandler.swift */; };
		3A5F40FF2516A67D002460EA /* LaunchInfoYoutubeHandlerProtocol.swift in Sources */ = {isa = PBXBuildFile; fileRef = 3A5F40FE2516A67D002460EA /* LaunchInfoYoutubeHandlerProtocol.swift */; };
		3A5F410F2517D54F002460EA /* Pods_Pocket_SpaceX.framework in Frameworks */ = {isa = PBXBuildFile; fileRef = 347ED40A50A097C413AC4A04 /* Pods_Pocket_SpaceX.framework */; };
		3A5F411D251938F9002460EA /* LaunchInfoRouter.swift in Sources */ = {isa = PBXBuildFile; fileRef = 3A5F411C251938F9002460EA /* LaunchInfoRouter.swift */; };
		3A5F411F25193978002460EA /* LaunchInfoRouting.swift in Sources */ = {isa = PBXBuildFile; fileRef = 3A5F411E25193978002460EA /* LaunchInfoRouting.swift */; };
		3A72BC6925266C5700A3DE08 /* FlickrView.swift in Sources */ = {isa = PBXBuildFile; fileRef = 3A72BC6825266C5700A3DE08 /* FlickrView.swift */; };
		3A72BC6D25266C8700A3DE08 /* FlickrView.xib in Resources */ = {isa = PBXBuildFile; fileRef = 3A72BC6C25266C8700A3DE08 /* FlickrView.xib */; };
		3A72BC71252724ED00A3DE08 /* SettingsPresenter.swift in Sources */ = {isa = PBXBuildFile; fileRef = 3A72BC70252724ED00A3DE08 /* SettingsPresenter.swift */; };
		3A72BC742527250600A3DE08 /* SettingsPresenterInput.swift in Sources */ = {isa = PBXBuildFile; fileRef = 3A72BC732527250600A3DE08 /* SettingsPresenterInput.swift */; };
		3A72BC772527253E00A3DE08 /* SettingsPresenterOutput.swift in Sources */ = {isa = PBXBuildFile; fileRef = 3A72BC762527253E00A3DE08 /* SettingsPresenterOutput.swift */; };
		3A72BC7B252727D200A3DE08 /* SettingsInteractor.swift in Sources */ = {isa = PBXBuildFile; fileRef = 3A72BC7A252727D200A3DE08 /* SettingsInteractor.swift */; };
		3A72BC7F252727F000A3DE08 /* SettingsInteractorInput.swift in Sources */ = {isa = PBXBuildFile; fileRef = 3A72BC7E252727F000A3DE08 /* SettingsInteractorInput.swift */; };
		3A72BC822527280B00A3DE08 /* SettingsInteractorOutput.swift in Sources */ = {isa = PBXBuildFile; fileRef = 3A72BC812527280B00A3DE08 /* SettingsInteractorOutput.swift */; };
		3A72BC862527298900A3DE08 /* SettingsRouter.swift in Sources */ = {isa = PBXBuildFile; fileRef = 3A72BC852527298900A3DE08 /* SettingsRouter.swift */; };
		3A72BC89252729D700A3DE08 /* SettingsRouting.swift in Sources */ = {isa = PBXBuildFile; fileRef = 3A72BC88252729D700A3DE08 /* SettingsRouting.swift */; };
		3A72BC8C25276A7E00A3DE08 /* UserDefaultsManager.swift in Sources */ = {isa = PBXBuildFile; fileRef = 3A72BC8B25276A7E00A3DE08 /* UserDefaultsManager.swift */; };
		3A72BC9025293F2E00A3DE08 /* LoadingButton.swift in Sources */ = {isa = PBXBuildFile; fileRef = 3A72BC8F25293F2E00A3DE08 /* LoadingButton.swift */; };
		3A72BC94252A3DAA00A3DE08 /* UIButton.swift in Sources */ = {isa = PBXBuildFile; fileRef = 3A72BC93252A3DAA00A3DE08 /* UIButton.swift */; };
		3A8506BF2506D08700923C18 /* Errors.swift in Sources */ = {isa = PBXBuildFile; fileRef = 3A8506BE2506D08700923C18 /* Errors.swift */; };
		3A8506C22506D13900923C18 /* NetworkApi.swift in Sources */ = {isa = PBXBuildFile; fileRef = 3A8506C12506D13900923C18 /* NetworkApi.swift */; };
		3A8506C62506D70D00923C18 /* RocketController.swift in Sources */ = {isa = PBXBuildFile; fileRef = 3A8506C52506D70D00923C18 /* RocketController.swift */; };
		3A8506C82506D74000923C18 /* RocketAssembler.swift in Sources */ = {isa = PBXBuildFile; fileRef = 3A8506C72506D74000923C18 /* RocketAssembler.swift */; };
		3A8506CB25081DDD00923C18 /* RocketPresenter.swift in Sources */ = {isa = PBXBuildFile; fileRef = 3A8506CA25081DDD00923C18 /* RocketPresenter.swift */; };
		3A8506CD25081E0500923C18 /* RocketPresenterInput.swift in Sources */ = {isa = PBXBuildFile; fileRef = 3A8506CC25081E0500923C18 /* RocketPresenterInput.swift */; };
		3A8506CF25081E3900923C18 /* RocketPresenterOutput.swift in Sources */ = {isa = PBXBuildFile; fileRef = 3A8506CE25081E3900923C18 /* RocketPresenterOutput.swift */; };
		3A8506D225081FCB00923C18 /* RocketRouter.swift in Sources */ = {isa = PBXBuildFile; fileRef = 3A8506D125081FCB00923C18 /* RocketRouter.swift */; };
		3A8506D425081FF500923C18 /* RocketRouting.swift in Sources */ = {isa = PBXBuildFile; fileRef = 3A8506D325081FF500923C18 /* RocketRouting.swift */; };
		3A8506D72509760200923C18 /* RocketCollectionHandler.swift in Sources */ = {isa = PBXBuildFile; fileRef = 3A8506D62509760200923C18 /* RocketCollectionHandler.swift */; };
		3A8506D92509764C00923C18 /* RocketCollectionHandlerProtocol.swift in Sources */ = {isa = PBXBuildFile; fileRef = 3A8506D82509764C00923C18 /* RocketCollectionHandlerProtocol.swift */; };
		3A8506DD25097B9A00923C18 /* RocketCell.swift in Sources */ = {isa = PBXBuildFile; fileRef = 3A8506DB25097B9A00923C18 /* RocketCell.swift */; };
		3A8506DE25097B9A00923C18 /* RocketCell.xib in Resources */ = {isa = PBXBuildFile; fileRef = 3A8506DC25097B9A00923C18 /* RocketCell.xib */; };
		3A8506E1250ABCB700923C18 /* RocketInteractor.swift in Sources */ = {isa = PBXBuildFile; fileRef = 3A8506E0250ABCB700923C18 /* RocketInteractor.swift */; };
		3A8506E3250ABD2300923C18 /* RocketInteractorInput.swift in Sources */ = {isa = PBXBuildFile; fileRef = 3A8506E2250ABD2300923C18 /* RocketInteractorInput.swift */; };
		3A8506E5250ABD7900923C18 /* RocketInteractorOutput.swift in Sources */ = {isa = PBXBuildFile; fileRef = 3A8506E4250ABD7900923C18 /* RocketInteractorOutput.swift */; };
		3A8506E7250B9BA900923C18 /* SpinnerController.swift in Sources */ = {isa = PBXBuildFile; fileRef = 3A8506E6250B9BA900923C18 /* SpinnerController.swift */; };
		3A8506EB250B9E6200923C18 /* RocketInfoController.swift in Sources */ = {isa = PBXBuildFile; fileRef = 3A8506EA250B9E6200923C18 /* RocketInfoController.swift */; };
		3A8506ED250B9E9500923C18 /* RocketInfoAssembler.swift in Sources */ = {isa = PBXBuildFile; fileRef = 3A8506EC250B9E9500923C18 /* RocketInfoAssembler.swift */; };
		3A8506F3250BB09300923C18 /* RocketInfoPresenter.swift in Sources */ = {isa = PBXBuildFile; fileRef = 3A8506F2250BB09300923C18 /* RocketInfoPresenter.swift */; };
		3A8506F5250BB0B700923C18 /* RocketInfoPresenterInput.swift in Sources */ = {isa = PBXBuildFile; fileRef = 3A8506F4250BB0B700923C18 /* RocketInfoPresenterInput.swift */; };
		3A8506F7250BB10B00923C18 /* RocketInfoPresenterOutput.swift in Sources */ = {isa = PBXBuildFile; fileRef = 3A8506F6250BB10B00923C18 /* RocketInfoPresenterOutput.swift */; };
		3A8506FA250BB3F500923C18 /* RocketInfoInteractor.swift in Sources */ = {isa = PBXBuildFile; fileRef = 3A8506F9250BB3F500923C18 /* RocketInfoInteractor.swift */; };
		3A8506FC250BB41500923C18 /* RocketInfoInteractorInput.swift in Sources */ = {isa = PBXBuildFile; fileRef = 3A8506FB250BB41500923C18 /* RocketInfoInteractorInput.swift */; };
		3A8506FE250BB44D00923C18 /* RocketInfoInteractorOutput.swift in Sources */ = {isa = PBXBuildFile; fileRef = 3A8506FD250BB44D00923C18 /* RocketInfoInteractorOutput.swift */; };
		3A850701250BC13C00923C18 /* RocketInfoRouter.swift in Sources */ = {isa = PBXBuildFile; fileRef = 3A850700250BC13C00923C18 /* RocketInfoRouter.swift */; };
		3A850703250BC18500923C18 /* RocketInfoRouting.swift in Sources */ = {isa = PBXBuildFile; fileRef = 3A850702250BC18500923C18 /* RocketInfoRouting.swift */; };
		3A850706250C224200923C18 /* RocketInfoTableHandler.swift in Sources */ = {isa = PBXBuildFile; fileRef = 3A850705250C224200923C18 /* RocketInfoTableHandler.swift */; };
		3A850708250C227500923C18 /* RocketInfoTableHandlerProtocol.swift in Sources */ = {isa = PBXBuildFile; fileRef = 3A850707250C227500923C18 /* RocketInfoTableHandlerProtocol.swift */; };
		3A85070A250CD9E500923C18 /* UIImageView.swift in Sources */ = {isa = PBXBuildFile; fileRef = 3A850709250CD9E500923C18 /* UIImageView.swift */; };
		3A85070C250CDBF400923C18 /* BaseXibView.swift in Sources */ = {isa = PBXBuildFile; fileRef = 3A85070B250CDBF400923C18 /* BaseXibView.swift */; };
		3A850710250CDE1700923C18 /* RocketInfoCell.swift in Sources */ = {isa = PBXBuildFile; fileRef = 3A85070E250CDE1700923C18 /* RocketInfoCell.swift */; };
		3A850711250CDE1700923C18 /* RocketInfoCell.xib in Resources */ = {isa = PBXBuildFile; fileRef = 3A85070F250CDE1700923C18 /* RocketInfoCell.xib */; };
		3A850713250CE5A100923C18 /* HeaderInfoCell.swift in Sources */ = {isa = PBXBuildFile; fileRef = 3A850712250CE5A100923C18 /* HeaderInfoCell.swift */; };
		3A850715250CE61300923C18 /* HeaderInfoCell.xib in Resources */ = {isa = PBXBuildFile; fileRef = 3A850714250CE61300923C18 /* HeaderInfoCell.xib */; };
		3A850717250CEA5300923C18 /* FooterInfoCell.swift in Sources */ = {isa = PBXBuildFile; fileRef = 3A850716250CEA5300923C18 /* FooterInfoCell.swift */; };
		3A850719250E237E00923C18 /* DataManager.swift in Sources */ = {isa = PBXBuildFile; fileRef = 3A850718250E237E00923C18 /* DataManager.swift */; };
		3A85071B250E5E6500923C18 /* ImageCell.swift in Sources */ = {isa = PBXBuildFile; fileRef = 3A85071A250E5E6500923C18 /* ImageCell.swift */; };
		3A85071D250E6CBC00923C18 /* LaunchData.swift in Sources */ = {isa = PBXBuildFile; fileRef = 3A85071C250E6CBC00923C18 /* LaunchData.swift */; };
		3A850720250E6F4700923C18 /* LaunchInteractor.swift in Sources */ = {isa = PBXBuildFile; fileRef = 3A85071F250E6F4700923C18 /* LaunchInteractor.swift */; };
		3A850722250E6F9600923C18 /* LaunchInteractorInput.swift in Sources */ = {isa = PBXBuildFile; fileRef = 3A850721250E6F9600923C18 /* LaunchInteractorInput.swift */; };
		3A850724250E6FC200923C18 /* LaunchInteractorOutput.swift in Sources */ = {isa = PBXBuildFile; fileRef = 3A850723250E6FC200923C18 /* LaunchInteractorOutput.swift */; };
		3A850727250EAF9700923C18 /* LaunchTableHandler.swift in Sources */ = {isa = PBXBuildFile; fileRef = 3A850726250EAF9700923C18 /* LaunchTableHandler.swift */; };
		3A850729250EB01600923C18 /* LaunchTableHandlerProtocol.swift in Sources */ = {isa = PBXBuildFile; fileRef = 3A850728250EB01600923C18 /* LaunchTableHandlerProtocol.swift */; };
		3A85072D250EB2D100923C18 /* LaunchCell.swift in Sources */ = {isa = PBXBuildFile; fileRef = 3A85072B250EB2D100923C18 /* LaunchCell.swift */; };
		3A85072E250EB2D100923C18 /* LaunchCell.xib in Resources */ = {isa = PBXBuildFile; fileRef = 3A85072C250EB2D100923C18 /* LaunchCell.xib */; };
		3A850731250EBC3300923C18 /* LaunchSearchHandler.swift in Sources */ = {isa = PBXBuildFile; fileRef = 3A850730250EBC3300923C18 /* LaunchSearchHandler.swift */; };
		3A850733250EBC5E00923C18 /* LaunchSearchHandlerProtocol.swift in Sources */ = {isa = PBXBuildFile; fileRef = 3A850732250EBC5E00923C18 /* LaunchSearchHandlerProtocol.swift */; };
		3A85073A2511570800923C18 /* LaunchInfoController.swift in Sources */ = {isa = PBXBuildFile; fileRef = 3A8507382511570800923C18 /* LaunchInfoController.swift */; };
		3A85073B2511570800923C18 /* LaunchInfoController.xib in Resources */ = {isa = PBXBuildFile; fileRef = 3A8507392511570800923C18 /* LaunchInfoController.xib */; };
		3A85073D251157A100923C18 /* LaunchInfoAssembler.swift in Sources */ = {isa = PBXBuildFile; fileRef = 3A85073C251157A100923C18 /* LaunchInfoAssembler.swift */; };
		3A8507412512A97A00923C18 /* StarlinkController.swift in Sources */ = {isa = PBXBuildFile; fileRef = 3A8507402512A97A00923C18 /* StarlinkController.swift */; };
		3A8507432512A9B700923C18 /* StarlinkAssembler.swift in Sources */ = {isa = PBXBuildFile; fileRef = 3A8507422512A9B700923C18 /* StarlinkAssembler.swift */; };
		3A8507452512AB4100923C18 /* StarlinkData.swift in Sources */ = {isa = PBXBuildFile; fileRef = 3A8507442512AB4100923C18 /* StarlinkData.swift */; };
		3A8507482512AD6500923C18 /* StarlinkPresenter.swift in Sources */ = {isa = PBXBuildFile; fileRef = 3A8507472512AD6500923C18 /* StarlinkPresenter.swift */; };
		3A85074A2512AD7B00923C18 /* StarlinkPresenterInput.swift in Sources */ = {isa = PBXBuildFile; fileRef = 3A8507492512AD7B00923C18 /* StarlinkPresenterInput.swift */; };
		3A85074C2512ADD800923C18 /* StarlinkPresenterOutput.swift in Sources */ = {isa = PBXBuildFile; fileRef = 3A85074B2512ADD800923C18 /* StarlinkPresenterOutput.swift */; };
		3A85074F2512B05B00923C18 /* StarlinkRouter.swift in Sources */ = {isa = PBXBuildFile; fileRef = 3A85074E2512B05B00923C18 /* StarlinkRouter.swift */; };
		3A8507512512B07400923C18 /* StarlinkRouting.swift in Sources */ = {isa = PBXBuildFile; fileRef = 3A8507502512B07400923C18 /* StarlinkRouting.swift */; };
		3A8507542512B1FC00923C18 /* StarlinkInteractor.swift in Sources */ = {isa = PBXBuildFile; fileRef = 3A8507532512B1FC00923C18 /* StarlinkInteractor.swift */; };
		3A8507562512B22300923C18 /* StarlinkInteractorInput.swift in Sources */ = {isa = PBXBuildFile; fileRef = 3A8507552512B22300923C18 /* StarlinkInteractorInput.swift */; };
		3A8507582512B24100923C18 /* StarlinkInteractorOutput.swift in Sources */ = {isa = PBXBuildFile; fileRef = 3A8507572512B24100923C18 /* StarlinkInteractorOutput.swift */; };
		3A8D936F25155578003E1C48 /* StarlinkTableHandler.swift in Sources */ = {isa = PBXBuildFile; fileRef = 3A8D936E25155578003E1C48 /* StarlinkTableHandler.swift */; };
		3A8D9372251555D2003E1C48 /* StarlinkTableHandlerProtocol.swift in Sources */ = {isa = PBXBuildFile; fileRef = 3A8D9371251555D2003E1C48 /* StarlinkTableHandlerProtocol.swift */; };
		3A8D937825161DF4003E1C48 /* StarlinkCell.swift in Sources */ = {isa = PBXBuildFile; fileRef = 3A8D937625161DF4003E1C48 /* StarlinkCell.swift */; };
		3A8D937925161DF4003E1C48 /* StarlinkCell.xib in Resources */ = {isa = PBXBuildFile; fileRef = 3A8D937725161DF4003E1C48 /* StarlinkCell.xib */; };
		3A9C219D2505695400F8B0D6 /* AppDelegate.swift in Sources */ = {isa = PBXBuildFile; fileRef = 3A9C219C2505695400F8B0D6 /* AppDelegate.swift */; };
		3A9C219F2505695400F8B0D6 /* SceneDelegate.swift in Sources */ = {isa = PBXBuildFile; fileRef = 3A9C219E2505695400F8B0D6 /* SceneDelegate.swift */; };
		3A9C21A62505695800F8B0D6 /* Assets.xcassets in Resources */ = {isa = PBXBuildFile; fileRef = 3A9C21A52505695800F8B0D6 /* Assets.xcassets */; };
		3A9C21A92505695800F8B0D6 /* LaunchScreen.storyboard in Resources */ = {isa = PBXBuildFile; fileRef = 3A9C21A72505695800F8B0D6 /* LaunchScreen.storyboard */; };
		3A9C21B225056FD500F8B0D6 /* MenuOptionCell.swift in Sources */ = {isa = PBXBuildFile; fileRef = 3A9C21B125056FD500F8B0D6 /* MenuOptionCell.swift */; };
		3A9C21B42505706C00F8B0D6 /* MenuOption.swift in Sources */ = {isa = PBXBuildFile; fileRef = 3A9C21B32505706C00F8B0D6 /* MenuOption.swift */; };
		3A9C21B62505738D00F8B0D6 /* MenuDelegate.swift in Sources */ = {isa = PBXBuildFile; fileRef = 3A9C21B52505738D00F8B0D6 /* MenuDelegate.swift */; };
		3A9C21B82505743300F8B0D6 /* MenuController.swift in Sources */ = {isa = PBXBuildFile; fileRef = 3A9C21B72505743300F8B0D6 /* MenuController.swift */; };
		3A9C21BA2505761D00F8B0D6 /* ContainerController.swift in Sources */ = {isa = PBXBuildFile; fileRef = 3A9C21B92505761D00F8B0D6 /* ContainerController.swift */; };
		3A9C21BF25057A3E00F8B0D6 /* LaunchController.swift in Sources */ = {isa = PBXBuildFile; fileRef = 3A9C21BE25057A3E00F8B0D6 /* LaunchController.swift */; };
		3A9C21C125057ACC00F8B0D6 /* LaunchAssembler.swift in Sources */ = {isa = PBXBuildFile; fileRef = 3A9C21C025057ACC00F8B0D6 /* LaunchAssembler.swift */; };
		3A9C21C42505816200F8B0D6 /* LaunchPresenter.swift in Sources */ = {isa = PBXBuildFile; fileRef = 3A9C21C32505816200F8B0D6 /* LaunchPresenter.swift */; };
		3A9C21C6250581E600F8B0D6 /* LaunchPresenterInput.swift in Sources */ = {isa = PBXBuildFile; fileRef = 3A9C21C5250581E600F8B0D6 /* LaunchPresenterInput.swift */; };
		3A9C21C82505821500F8B0D6 /* LaunchPresenterOutput.swift in Sources */ = {isa = PBXBuildFile; fileRef = 3A9C21C72505821500F8B0D6 /* LaunchPresenterOutput.swift */; };
		3A9C21CB2505856800F8B0D6 /* LaunchRouter.swift in Sources */ = {isa = PBXBuildFile; fileRef = 3A9C21CA2505856800F8B0D6 /* LaunchRouter.swift */; };
		3A9C21CD2505859D00F8B0D6 /* LaunchRouting.swift in Sources */ = {isa = PBXBuildFile; fileRef = 3A9C21CC2505859D00F8B0D6 /* LaunchRouting.swift */; };
		3A9C21D12506CA5400F8B0D6 /* Reachability.swift in Sources */ = {isa = PBXBuildFile; fileRef = 3A9C21D02506CA5400F8B0D6 /* Reachability.swift */; };
		3A9C21D32506CC0900F8B0D6 /* BaseRequest.swift in Sources */ = {isa = PBXBuildFile; fileRef = 3A9C21D22506CC0900F8B0D6 /* BaseRequest.swift */; };
		3A9C21D62506CE3A00F8B0D6 /* RocketData.swift in Sources */ = {isa = PBXBuildFile; fileRef = 3A9C21D52506CE3A00F8B0D6 /* RocketData.swift */; };
		3ADAE0D5252BA07E00F7525B /* ErrorController.swift in Sources */ = {isa = PBXBuildFile; fileRef = 3ADAE0D4252BA07E00F7525B /* ErrorController.swift */; };
/* End PBXBuildFile section */

/* Begin PBXFileReference section */
		347ED40A50A097C413AC4A04 /* Pods_Pocket_SpaceX.framework */ = {isa = PBXFileReference; explicitFileType = wrapper.framework; includeInIndex = 0; path = Pods_Pocket_SpaceX.framework; sourceTree = BUILT_PRODUCTS_DIR; };
		3A5AE587251FBD94000E43C6 /* LaunchpadData.swift */ = {isa = PBXFileReference; lastKnownFileType = sourcecode.swift; path = LaunchpadData.swift; sourceTree = "<group>"; };
		3A5AE58D251FC639000E43C6 /* LaunchpadController.swift */ = {isa = PBXFileReference; lastKnownFileType = sourcecode.swift; path = LaunchpadController.swift; sourceTree = "<group>"; };
		3A5AE590251FC65E000E43C6 /* LaunchpadAssembler.swift */ = {isa = PBXFileReference; lastKnownFileType = sourcecode.swift; path = LaunchpadAssembler.swift; sourceTree = "<group>"; };
		3A5AE594251FC8DD000E43C6 /* LaunchpadPresenter.swift */ = {isa = PBXFileReference; lastKnownFileType = sourcecode.swift; path = LaunchpadPresenter.swift; sourceTree = "<group>"; };
		3A5AE597251FC92F000E43C6 /* LaunchpadPresenterInput.swift */ = {isa = PBXFileReference; lastKnownFileType = sourcecode.swift; path = LaunchpadPresenterInput.swift; sourceTree = "<group>"; };
		3A5AE59A251FCAC0000E43C6 /* LaunchpadPresenterOutput.swift */ = {isa = PBXFileReference; lastKnownFileType = sourcecode.swift; path = LaunchpadPresenterOutput.swift; sourceTree = "<group>"; };
		3A5AE59E251FCD9E000E43C6 /* LaunchpadRouter.swift */ = {isa = PBXFileReference; lastKnownFileType = sourcecode.swift; path = LaunchpadRouter.swift; sourceTree = "<group>"; };
		3A5AE5A1251FCDF2000E43C6 /* LaunchpadRouting.swift */ = {isa = PBXFileReference; lastKnownFileType = sourcecode.swift; path = LaunchpadRouting.swift; sourceTree = "<group>"; };
		3A5AE5A7252096ED000E43C6 /* LaunchpadInteractor.swift */ = {isa = PBXFileReference; lastKnownFileType = sourcecode.swift; path = LaunchpadInteractor.swift; sourceTree = "<group>"; };
		3A5AE5AA25209763000E43C6 /* LaunchpadInteractorInput.swift */ = {isa = PBXFileReference; lastKnownFileType = sourcecode.swift; path = LaunchpadInteractorInput.swift; sourceTree = "<group>"; };
		3A5AE5AD25209789000E43C6 /* LaunchpadInteractorOutput.swift */ = {isa = PBXFileReference; lastKnownFileType = sourcecode.swift; path = LaunchpadInteractorOutput.swift; sourceTree = "<group>"; };
		3A5AE5B125209C59000E43C6 /* LaunchpadTableHandler.swift */ = {isa = PBXFileReference; lastKnownFileType = sourcecode.swift; path = LaunchpadTableHandler.swift; sourceTree = "<group>"; };
		3A5AE5B425209C93000E43C6 /* LaunchpadTableHandlerProtocol.swift */ = {isa = PBXFileReference; lastKnownFileType = sourcecode.swift; path = LaunchpadTableHandlerProtocol.swift; sourceTree = "<group>"; };
		3A5AE5B82520A047000E43C6 /* LaunchpadCell.swift */ = {isa = PBXFileReference; lastKnownFileType = sourcecode.swift; path = LaunchpadCell.swift; sourceTree = "<group>"; };
		3A5AE5B92520A047000E43C6 /* LaunchpadCell.xib */ = {isa = PBXFileReference; lastKnownFileType = file.xib; path = LaunchpadCell.xib; sourceTree = "<group>"; };
		3A5AE5C125212284000E43C6 /* LaunchpadInfoController.swift */ = {isa = PBXFileReference; lastKnownFileType = sourcecode.swift; path = LaunchpadInfoController.swift; sourceTree = "<group>"; };
		3A5AE5C225212284000E43C6 /* LaunchpadInfoController.xib */ = {isa = PBXFileReference; lastKnownFileType = file.xib; path = LaunchpadInfoController.xib; sourceTree = "<group>"; };
		3A5AE5C725212394000E43C6 /* LaunchpadInfoAssembler.swift */ = {isa = PBXFileReference; lastKnownFileType = sourcecode.swift; path = LaunchpadInfoAssembler.swift; sourceTree = "<group>"; };
		3A5AE5D125213297000E43C6 /* LaunchpadInfoRouter.swift */ = {isa = PBXFileReference; lastKnownFileType = sourcecode.swift; path = LaunchpadInfoRouter.swift; sourceTree = "<group>"; };
		3A5AE5D425213334000E43C6 /* LaunchpadInfoRouting.swift */ = {isa = PBXFileReference; lastKnownFileType = sourcecode.swift; path = LaunchpadInfoRouting.swift; sourceTree = "<group>"; };
		3A5AE5D925226E5F000E43C6 /* LaunchpadInfoPresenter.swift */ = {isa = PBXFileReference; lastKnownFileType = sourcecode.swift; path = LaunchpadInfoPresenter.swift; sourceTree = "<group>"; };
		3A5AE5DD25226F09000E43C6 /* LaunchpadInfoPresenterInput.swift */ = {isa = PBXFileReference; lastKnownFileType = sourcecode.swift; path = LaunchpadInfoPresenterInput.swift; sourceTree = "<group>"; };
		3A5AE5E02522701D000E43C6 /* LaunchpadInfoPresenterOutput.swift */ = {isa = PBXFileReference; lastKnownFileType = sourcecode.swift; path = LaunchpadInfoPresenterOutput.swift; sourceTree = "<group>"; };
		3A5AE5E32522781B000E43C6 /* LaunchpadInfoInteractor.swift */ = {isa = PBXFileReference; lastKnownFileType = sourcecode.swift; path = LaunchpadInfoInteractor.swift; sourceTree = "<group>"; };
		3A5AE5E625227A4A000E43C6 /* LaunchpadInfoInteractorInput.swift */ = {isa = PBXFileReference; lastKnownFileType = sourcecode.swift; path = LaunchpadInfoInteractorInput.swift; sourceTree = "<group>"; };
		3A5AE5E925227AE4000E43C6 /* LaunchpadInfoInteractorOutput.swift */ = {isa = PBXFileReference; lastKnownFileType = sourcecode.swift; path = LaunchpadInfoInteractorOutput.swift; sourceTree = "<group>"; };
		3A5AE5EE25228A86000E43C6 /* LaunchpadInfoMapHandler.swift */ = {isa = PBXFileReference; lastKnownFileType = sourcecode.swift; path = LaunchpadInfoMapHandler.swift; sourceTree = "<group>"; };
		3A5AE5F125228AF2000E43C6 /* LaunchpadInfoMapHandlerProtocol.swift */ = {isa = PBXFileReference; lastKnownFileType = sourcecode.swift; path = LaunchpadInfoMapHandlerProtocol.swift; sourceTree = "<group>"; };
		3A5AE5F52523BE7C000E43C6 /* SettingsController.swift */ = {isa = PBXFileReference; lastKnownFileType = sourcecode.swift; path = SettingsController.swift; sourceTree = "<group>"; };
		3A5AE5FA2523BF48000E43C6 /* SettingsAssembler.swift */ = {isa = PBXFileReference; lastKnownFileType = sourcecode.swift; path = SettingsAssembler.swift; sourceTree = "<group>"; };
		3A5F40D725165074002460EA /* HeaderStarlinkCell.swift */ = {isa = PBXFileReference; lastKnownFileType = sourcecode.swift; path = HeaderStarlinkCell.swift; sourceTree = "<group>"; };
		3A5F40DA25166A1A002460EA /* Enums.swift */ = {isa = PBXFileReference; lastKnownFileType = sourcecode.swift; path = Enums.swift; sourceTree = "<group>"; };
		3A5F40DF2516925A002460EA /* LaunchInfoPresenter.swift */ = {isa = PBXFileReference; lastKnownFileType = sourcecode.swift; path = LaunchInfoPresenter.swift; sourceTree = "<group>"; };
		3A5F40E32516929D002460EA /* LaunchInfoPresenterInput.swift */ = {isa = PBXFileReference; lastKnownFileType = sourcecode.swift; path = LaunchInfoPresenterInput.swift; sourceTree = "<group>"; };
		3A5F40E6251692BD002460EA /* LaunchInfoPresenterOutput.swift */ = {isa = PBXFileReference; lastKnownFileType = sourcecode.swift; path = LaunchInfoPresenterOutput.swift; sourceTree = "<group>"; };
		3A5F40EA2516951A002460EA /* LaunchInfoInteractor.swift */ = {isa = PBXFileReference; lastKnownFileType = sourcecode.swift; path = LaunchInfoInteractor.swift; sourceTree = "<group>"; };
		3A5F40EE25169558002460EA /* LaunchInfoInteractorInput.swift */ = {isa = PBXFileReference; lastKnownFileType = sourcecode.swift; path = LaunchInfoInteractorInput.swift; sourceTree = "<group>"; };
		3A5F40F125169593002460EA /* LaunchInfoInteractorOutput.swift */ = {isa = PBXFileReference; lastKnownFileType = sourcecode.swift; path = LaunchInfoInteractorOutput.swift; sourceTree = "<group>"; };
		3A5F40FA2516A612002460EA /* LaunchInfoYoutubeHandler.swift */ = {isa = PBXFileReference; lastKnownFileType = sourcecode.swift; path = LaunchInfoYoutubeHandler.swift; sourceTree = "<group>"; };
		3A5F40FE2516A67D002460EA /* LaunchInfoYoutubeHandlerProtocol.swift */ = {isa = PBXFileReference; lastKnownFileType = sourcecode.swift; path = LaunchInfoYoutubeHandlerProtocol.swift; sourceTree = "<group>"; };
		3A5F411C251938F9002460EA /* LaunchInfoRouter.swift */ = {isa = PBXFileReference; lastKnownFileType = sourcecode.swift; path = LaunchInfoRouter.swift; sourceTree = "<group>"; };
		3A5F411E25193978002460EA /* LaunchInfoRouting.swift */ = {isa = PBXFileReference; lastKnownFileType = sourcecode.swift; path = LaunchInfoRouting.swift; sourceTree = "<group>"; };
		3A72BC6825266C5700A3DE08 /* FlickrView.swift */ = {isa = PBXFileReference; lastKnownFileType = sourcecode.swift; path = FlickrView.swift; sourceTree = "<group>"; };
		3A72BC6C25266C8700A3DE08 /* FlickrView.xib */ = {isa = PBXFileReference; lastKnownFileType = file.xib; path = FlickrView.xib; sourceTree = "<group>"; };
		3A72BC70252724ED00A3DE08 /* SettingsPresenter.swift */ = {isa = PBXFileReference; lastKnownFileType = sourcecode.swift; path = SettingsPresenter.swift; sourceTree = "<group>"; };
		3A72BC732527250600A3DE08 /* SettingsPresenterInput.swift */ = {isa = PBXFileReference; lastKnownFileType = sourcecode.swift; path = SettingsPresenterInput.swift; sourceTree = "<group>"; };
		3A72BC762527253E00A3DE08 /* SettingsPresenterOutput.swift */ = {isa = PBXFileReference; lastKnownFileType = sourcecode.swift; path = SettingsPresenterOutput.swift; sourceTree = "<group>"; };
		3A72BC7A252727D200A3DE08 /* SettingsInteractor.swift */ = {isa = PBXFileReference; lastKnownFileType = sourcecode.swift; path = SettingsInteractor.swift; sourceTree = "<group>"; };
		3A72BC7E252727F000A3DE08 /* SettingsInteractorInput.swift */ = {isa = PBXFileReference; lastKnownFileType = sourcecode.swift; path = SettingsInteractorInput.swift; sourceTree = "<group>"; };
		3A72BC812527280B00A3DE08 /* SettingsInteractorOutput.swift */ = {isa = PBXFileReference; lastKnownFileType = sourcecode.swift; path = SettingsInteractorOutput.swift; sourceTree = "<group>"; };
		3A72BC852527298900A3DE08 /* SettingsRouter.swift */ = {isa = PBXFileReference; lastKnownFileType = sourcecode.swift; path = SettingsRouter.swift; sourceTree = "<group>"; };
		3A72BC88252729D700A3DE08 /* SettingsRouting.swift */ = {isa = PBXFileReference; lastKnownFileType = sourcecode.swift; path = SettingsRouting.swift; sourceTree = "<group>"; };
		3A72BC8B25276A7E00A3DE08 /* UserDefaultsManager.swift */ = {isa = PBXFileReference; lastKnownFileType = sourcecode.swift; path = UserDefaultsManager.swift; sourceTree = "<group>"; };
		3A72BC8F25293F2E00A3DE08 /* LoadingButton.swift */ = {isa = PBXFileReference; lastKnownFileType = sourcecode.swift; path = LoadingButton.swift; sourceTree = "<group>"; };
		3A72BC93252A3DAA00A3DE08 /* UIButton.swift */ = {isa = PBXFileReference; lastKnownFileType = sourcecode.swift; path = UIButton.swift; sourceTree = "<group>"; };
		3A8506BE2506D08700923C18 /* Errors.swift */ = {isa = PBXFileReference; lastKnownFileType = sourcecode.swift; path = Errors.swift; sourceTree = "<group>"; };
		3A8506C12506D13900923C18 /* NetworkApi.swift */ = {isa = PBXFileReference; lastKnownFileType = sourcecode.swift; path = NetworkApi.swift; sourceTree = "<group>"; };
		3A8506C52506D70D00923C18 /* RocketController.swift */ = {isa = PBXFileReference; lastKnownFileType = sourcecode.swift; path = RocketController.swift; sourceTree = "<group>"; };
		3A8506C72506D74000923C18 /* RocketAssembler.swift */ = {isa = PBXFileReference; lastKnownFileType = sourcecode.swift; path = RocketAssembler.swift; sourceTree = "<group>"; };
		3A8506CA25081DDD00923C18 /* RocketPresenter.swift */ = {isa = PBXFileReference; lastKnownFileType = sourcecode.swift; path = RocketPresenter.swift; sourceTree = "<group>"; };
		3A8506CC25081E0500923C18 /* RocketPresenterInput.swift */ = {isa = PBXFileReference; lastKnownFileType = sourcecode.swift; path = RocketPresenterInput.swift; sourceTree = "<group>"; };
		3A8506CE25081E3900923C18 /* RocketPresenterOutput.swift */ = {isa = PBXFileReference; lastKnownFileType = sourcecode.swift; path = RocketPresenterOutput.swift; sourceTree = "<group>"; };
		3A8506D125081FCB00923C18 /* RocketRouter.swift */ = {isa = PBXFileReference; lastKnownFileType = sourcecode.swift; path = RocketRouter.swift; sourceTree = "<group>"; };
		3A8506D325081FF500923C18 /* RocketRouting.swift */ = {isa = PBXFileReference; lastKnownFileType = sourcecode.swift; path = RocketRouting.swift; sourceTree = "<group>"; };
		3A8506D62509760200923C18 /* RocketCollectionHandler.swift */ = {isa = PBXFileReference; lastKnownFileType = sourcecode.swift; path = RocketCollectionHandler.swift; sourceTree = "<group>"; };
		3A8506D82509764C00923C18 /* RocketCollectionHandlerProtocol.swift */ = {isa = PBXFileReference; lastKnownFileType = sourcecode.swift; path = RocketCollectionHandlerProtocol.swift; sourceTree = "<group>"; };
		3A8506DB25097B9A00923C18 /* RocketCell.swift */ = {isa = PBXFileReference; lastKnownFileType = sourcecode.swift; path = RocketCell.swift; sourceTree = "<group>"; };
		3A8506DC25097B9A00923C18 /* RocketCell.xib */ = {isa = PBXFileReference; lastKnownFileType = file.xib; path = RocketCell.xib; sourceTree = "<group>"; };
		3A8506E0250ABCB700923C18 /* RocketInteractor.swift */ = {isa = PBXFileReference; lastKnownFileType = sourcecode.swift; path = RocketInteractor.swift; sourceTree = "<group>"; };
		3A8506E2250ABD2300923C18 /* RocketInteractorInput.swift */ = {isa = PBXFileReference; lastKnownFileType = sourcecode.swift; path = RocketInteractorInput.swift; sourceTree = "<group>"; };
		3A8506E4250ABD7900923C18 /* RocketInteractorOutput.swift */ = {isa = PBXFileReference; lastKnownFileType = sourcecode.swift; path = RocketInteractorOutput.swift; sourceTree = "<group>"; };
		3A8506E6250B9BA900923C18 /* SpinnerController.swift */ = {isa = PBXFileReference; lastKnownFileType = sourcecode.swift; path = SpinnerController.swift; sourceTree = "<group>"; };
		3A8506EA250B9E6200923C18 /* RocketInfoController.swift */ = {isa = PBXFileReference; lastKnownFileType = sourcecode.swift; path = RocketInfoController.swift; sourceTree = "<group>"; };
		3A8506EC250B9E9500923C18 /* RocketInfoAssembler.swift */ = {isa = PBXFileReference; lastKnownFileType = sourcecode.swift; path = RocketInfoAssembler.swift; sourceTree = "<group>"; };
		3A8506F2250BB09300923C18 /* RocketInfoPresenter.swift */ = {isa = PBXFileReference; lastKnownFileType = sourcecode.swift; path = RocketInfoPresenter.swift; sourceTree = "<group>"; };
		3A8506F4250BB0B700923C18 /* RocketInfoPresenterInput.swift */ = {isa = PBXFileReference; lastKnownFileType = sourcecode.swift; path = RocketInfoPresenterInput.swift; sourceTree = "<group>"; };
		3A8506F6250BB10B00923C18 /* RocketInfoPresenterOutput.swift */ = {isa = PBXFileReference; lastKnownFileType = sourcecode.swift; path = RocketInfoPresenterOutput.swift; sourceTree = "<group>"; };
		3A8506F9250BB3F500923C18 /* RocketInfoInteractor.swift */ = {isa = PBXFileReference; lastKnownFileType = sourcecode.swift; path = RocketInfoInteractor.swift; sourceTree = "<group>"; };
		3A8506FB250BB41500923C18 /* RocketInfoInteractorInput.swift */ = {isa = PBXFileReference; lastKnownFileType = sourcecode.swift; path = RocketInfoInteractorInput.swift; sourceTree = "<group>"; };
		3A8506FD250BB44D00923C18 /* RocketInfoInteractorOutput.swift */ = {isa = PBXFileReference; lastKnownFileType = sourcecode.swift; path = RocketInfoInteractorOutput.swift; sourceTree = "<group>"; };
		3A850700250BC13C00923C18 /* RocketInfoRouter.swift */ = {isa = PBXFileReference; lastKnownFileType = sourcecode.swift; path = RocketInfoRouter.swift; sourceTree = "<group>"; };
		3A850702250BC18500923C18 /* RocketInfoRouting.swift */ = {isa = PBXFileReference; lastKnownFileType = sourcecode.swift; path = RocketInfoRouting.swift; sourceTree = "<group>"; };
		3A850705250C224200923C18 /* RocketInfoTableHandler.swift */ = {isa = PBXFileReference; lastKnownFileType = sourcecode.swift; path = RocketInfoTableHandler.swift; sourceTree = "<group>"; };
		3A850707250C227500923C18 /* RocketInfoTableHandlerProtocol.swift */ = {isa = PBXFileReference; lastKnownFileType = sourcecode.swift; path = RocketInfoTableHandlerProtocol.swift; sourceTree = "<group>"; };
		3A850709250CD9E500923C18 /* UIImageView.swift */ = {isa = PBXFileReference; lastKnownFileType = sourcecode.swift; path = UIImageView.swift; sourceTree = "<group>"; };
		3A85070B250CDBF400923C18 /* BaseXibView.swift */ = {isa = PBXFileReference; lastKnownFileType = sourcecode.swift; path = BaseXibView.swift; sourceTree = "<group>"; };
		3A85070E250CDE1700923C18 /* RocketInfoCell.swift */ = {isa = PBXFileReference; lastKnownFileType = sourcecode.swift; path = RocketInfoCell.swift; sourceTree = "<group>"; };
		3A85070F250CDE1700923C18 /* RocketInfoCell.xib */ = {isa = PBXFileReference; lastKnownFileType = file.xib; path = RocketInfoCell.xib; sourceTree = "<group>"; };
		3A850712250CE5A100923C18 /* HeaderInfoCell.swift */ = {isa = PBXFileReference; lastKnownFileType = sourcecode.swift; path = HeaderInfoCell.swift; sourceTree = "<group>"; };
		3A850714250CE61300923C18 /* HeaderInfoCell.xib */ = {isa = PBXFileReference; lastKnownFileType = file.xib; path = HeaderInfoCell.xib; sourceTree = "<group>"; };
		3A850716250CEA5300923C18 /* FooterInfoCell.swift */ = {isa = PBXFileReference; lastKnownFileType = sourcecode.swift; path = FooterInfoCell.swift; sourceTree = "<group>"; };
		3A850718250E237E00923C18 /* DataManager.swift */ = {isa = PBXFileReference; lastKnownFileType = sourcecode.swift; path = DataManager.swift; sourceTree = "<group>"; };
		3A85071A250E5E6500923C18 /* ImageCell.swift */ = {isa = PBXFileReference; lastKnownFileType = sourcecode.swift; path = ImageCell.swift; sourceTree = "<group>"; };
		3A85071C250E6CBC00923C18 /* LaunchData.swift */ = {isa = PBXFileReference; lastKnownFileType = sourcecode.swift; path = LaunchData.swift; sourceTree = "<group>"; };
		3A85071F250E6F4700923C18 /* LaunchInteractor.swift */ = {isa = PBXFileReference; lastKnownFileType = sourcecode.swift; path = LaunchInteractor.swift; sourceTree = "<group>"; };
		3A850721250E6F9600923C18 /* LaunchInteractorInput.swift */ = {isa = PBXFileReference; lastKnownFileType = sourcecode.swift; path = LaunchInteractorInput.swift; sourceTree = "<group>"; };
		3A850723250E6FC200923C18 /* LaunchInteractorOutput.swift */ = {isa = PBXFileReference; lastKnownFileType = sourcecode.swift; path = LaunchInteractorOutput.swift; sourceTree = "<group>"; };
		3A850726250EAF9700923C18 /* LaunchTableHandler.swift */ = {isa = PBXFileReference; lastKnownFileType = sourcecode.swift; path = LaunchTableHandler.swift; sourceTree = "<group>"; };
		3A850728250EB01600923C18 /* LaunchTableHandlerProtocol.swift */ = {isa = PBXFileReference; lastKnownFileType = sourcecode.swift; path = LaunchTableHandlerProtocol.swift; sourceTree = "<group>"; };
		3A85072B250EB2D100923C18 /* LaunchCell.swift */ = {isa = PBXFileReference; lastKnownFileType = sourcecode.swift; path = LaunchCell.swift; sourceTree = "<group>"; };
		3A85072C250EB2D100923C18 /* LaunchCell.xib */ = {isa = PBXFileReference; lastKnownFileType = file.xib; path = LaunchCell.xib; sourceTree = "<group>"; };
		3A850730250EBC3300923C18 /* LaunchSearchHandler.swift */ = {isa = PBXFileReference; lastKnownFileType = sourcecode.swift; path = LaunchSearchHandler.swift; sourceTree = "<group>"; };
		3A850732250EBC5E00923C18 /* LaunchSearchHandlerProtocol.swift */ = {isa = PBXFileReference; lastKnownFileType = sourcecode.swift; path = LaunchSearchHandlerProtocol.swift; sourceTree = "<group>"; };
		3A8507382511570800923C18 /* LaunchInfoController.swift */ = {isa = PBXFileReference; lastKnownFileType = sourcecode.swift; path = LaunchInfoController.swift; sourceTree = "<group>"; };
		3A8507392511570800923C18 /* LaunchInfoController.xib */ = {isa = PBXFileReference; lastKnownFileType = file.xib; path = LaunchInfoController.xib; sourceTree = "<group>"; };
		3A85073C251157A100923C18 /* LaunchInfoAssembler.swift */ = {isa = PBXFileReference; lastKnownFileType = sourcecode.swift; path = LaunchInfoAssembler.swift; sourceTree = "<group>"; };
		3A8507402512A97A00923C18 /* StarlinkController.swift */ = {isa = PBXFileReference; lastKnownFileType = sourcecode.swift; path = StarlinkController.swift; sourceTree = "<group>"; };
		3A8507422512A9B700923C18 /* StarlinkAssembler.swift */ = {isa = PBXFileReference; lastKnownFileType = sourcecode.swift; path = StarlinkAssembler.swift; sourceTree = "<group>"; };
		3A8507442512AB4100923C18 /* StarlinkData.swift */ = {isa = PBXFileReference; lastKnownFileType = sourcecode.swift; path = StarlinkData.swift; sourceTree = "<group>"; };
		3A8507472512AD6500923C18 /* StarlinkPresenter.swift */ = {isa = PBXFileReference; lastKnownFileType = sourcecode.swift; path = StarlinkPresenter.swift; sourceTree = "<group>"; };
		3A8507492512AD7B00923C18 /* StarlinkPresenterInput.swift */ = {isa = PBXFileReference; lastKnownFileType = sourcecode.swift; path = StarlinkPresenterInput.swift; sourceTree = "<group>"; };
		3A85074B2512ADD800923C18 /* StarlinkPresenterOutput.swift */ = {isa = PBXFileReference; lastKnownFileType = sourcecode.swift; path = StarlinkPresenterOutput.swift; sourceTree = "<group>"; };
		3A85074E2512B05B00923C18 /* StarlinkRouter.swift */ = {isa = PBXFileReference; lastKnownFileType = sourcecode.swift; path = StarlinkRouter.swift; sourceTree = "<group>"; };
		3A8507502512B07400923C18 /* StarlinkRouting.swift */ = {isa = PBXFileReference; lastKnownFileType = sourcecode.swift; path = StarlinkRouting.swift; sourceTree = "<group>"; };
		3A8507532512B1FC00923C18 /* StarlinkInteractor.swift */ = {isa = PBXFileReference; lastKnownFileType = sourcecode.swift; path = StarlinkInteractor.swift; sourceTree = "<group>"; };
		3A8507552512B22300923C18 /* StarlinkInteractorInput.swift */ = {isa = PBXFileReference; lastKnownFileType = sourcecode.swift; path = StarlinkInteractorInput.swift; sourceTree = "<group>"; };
		3A8507572512B24100923C18 /* StarlinkInteractorOutput.swift */ = {isa = PBXFileReference; lastKnownFileType = sourcecode.swift; path = StarlinkInteractorOutput.swift; sourceTree = "<group>"; };
		3A8D936E25155578003E1C48 /* StarlinkTableHandler.swift */ = {isa = PBXFileReference; lastKnownFileType = sourcecode.swift; path = StarlinkTableHandler.swift; sourceTree = "<group>"; };
		3A8D9371251555D2003E1C48 /* StarlinkTableHandlerProtocol.swift */ = {isa = PBXFileReference; lastKnownFileType = sourcecode.swift; path = StarlinkTableHandlerProtocol.swift; sourceTree = "<group>"; };
		3A8D937625161DF4003E1C48 /* StarlinkCell.swift */ = {isa = PBXFileReference; lastKnownFileType = sourcecode.swift; path = StarlinkCell.swift; sourceTree = "<group>"; };
		3A8D937725161DF4003E1C48 /* StarlinkCell.xib */ = {isa = PBXFileReference; lastKnownFileType = file.xib; path = StarlinkCell.xib; sourceTree = "<group>"; };
		3A9C21992505695400F8B0D6 /* Pocket SpaceX.app */ = {isa = PBXFileReference; explicitFileType = wrapper.application; includeInIndex = 0; path = "Pocket SpaceX.app"; sourceTree = BUILT_PRODUCTS_DIR; };
		3A9C219C2505695400F8B0D6 /* AppDelegate.swift */ = {isa = PBXFileReference; lastKnownFileType = sourcecode.swift; path = AppDelegate.swift; sourceTree = "<group>"; };
		3A9C219E2505695400F8B0D6 /* SceneDelegate.swift */ = {isa = PBXFileReference; lastKnownFileType = sourcecode.swift; path = SceneDelegate.swift; sourceTree = "<group>"; };
		3A9C21A52505695800F8B0D6 /* Assets.xcassets */ = {isa = PBXFileReference; lastKnownFileType = folder.assetcatalog; path = Assets.xcassets; sourceTree = "<group>"; };
		3A9C21A82505695800F8B0D6 /* Base */ = {isa = PBXFileReference; lastKnownFileType = file.storyboard; name = Base; path = Base.lproj/LaunchScreen.storyboard; sourceTree = "<group>"; };
		3A9C21AA2505695800F8B0D6 /* Info.plist */ = {isa = PBXFileReference; lastKnownFileType = text.plist.xml; path = Info.plist; sourceTree = "<group>"; };
		3A9C21B125056FD500F8B0D6 /* MenuOptionCell.swift */ = {isa = PBXFileReference; lastKnownFileType = sourcecode.swift; path = MenuOptionCell.swift; sourceTree = "<group>"; };
		3A9C21B32505706C00F8B0D6 /* MenuOption.swift */ = {isa = PBXFileReference; lastKnownFileType = sourcecode.swift; path = MenuOption.swift; sourceTree = "<group>"; };
		3A9C21B52505738D00F8B0D6 /* MenuDelegate.swift */ = {isa = PBXFileReference; lastKnownFileType = sourcecode.swift; path = MenuDelegate.swift; sourceTree = "<group>"; };
		3A9C21B72505743300F8B0D6 /* MenuController.swift */ = {isa = PBXFileReference; lastKnownFileType = sourcecode.swift; path = MenuController.swift; sourceTree = "<group>"; };
		3A9C21B92505761D00F8B0D6 /* ContainerController.swift */ = {isa = PBXFileReference; lastKnownFileType = sourcecode.swift; path = ContainerController.swift; sourceTree = "<group>"; };
		3A9C21BE25057A3E00F8B0D6 /* LaunchController.swift */ = {isa = PBXFileReference; lastKnownFileType = sourcecode.swift; path = LaunchController.swift; sourceTree = "<group>"; };
		3A9C21C025057ACC00F8B0D6 /* LaunchAssembler.swift */ = {isa = PBXFileReference; lastKnownFileType = sourcecode.swift; path = LaunchAssembler.swift; sourceTree = "<group>"; };
		3A9C21C32505816200F8B0D6 /* LaunchPresenter.swift */ = {isa = PBXFileReference; lastKnownFileType = sourcecode.swift; path = LaunchPresenter.swift; sourceTree = "<group>"; };
		3A9C21C5250581E600F8B0D6 /* LaunchPresenterInput.swift */ = {isa = PBXFileReference; lastKnownFileType = sourcecode.swift; path = LaunchPresenterInput.swift; sourceTree = "<group>"; };
		3A9C21C72505821500F8B0D6 /* LaunchPresenterOutput.swift */ = {isa = PBXFileReference; lastKnownFileType = sourcecode.swift; path = LaunchPresenterOutput.swift; sourceTree = "<group>"; };
		3A9C21CA2505856800F8B0D6 /* LaunchRouter.swift */ = {isa = PBXFileReference; lastKnownFileType = sourcecode.swift; path = LaunchRouter.swift; sourceTree = "<group>"; };
		3A9C21CC2505859D00F8B0D6 /* LaunchRouting.swift */ = {isa = PBXFileReference; lastKnownFileType = sourcecode.swift; path = LaunchRouting.swift; sourceTree = "<group>"; };
		3A9C21D02506CA5400F8B0D6 /* Reachability.swift */ = {isa = PBXFileReference; lastKnownFileType = sourcecode.swift; path = Reachability.swift; sourceTree = "<group>"; };
		3A9C21D22506CC0900F8B0D6 /* BaseRequest.swift */ = {isa = PBXFileReference; lastKnownFileType = sourcecode.swift; path = BaseRequest.swift; sourceTree = "<group>"; };
		3A9C21D52506CE3A00F8B0D6 /* RocketData.swift */ = {isa = PBXFileReference; lastKnownFileType = sourcecode.swift; path = RocketData.swift; sourceTree = "<group>"; };
		3ADAE0D4252BA07E00F7525B /* ErrorController.swift */ = {isa = PBXFileReference; lastKnownFileType = sourcecode.swift; path = ErrorController.swift; sourceTree = "<group>"; };
		8E476436C7E6549975E54789 /* Pods-Pocket SpaceX.release.xcconfig */ = {isa = PBXFileReference; includeInIndex = 1; lastKnownFileType = text.xcconfig; name = "Pods-Pocket SpaceX.release.xcconfig"; path = "Target Support Files/Pods-Pocket SpaceX/Pods-Pocket SpaceX.release.xcconfig"; sourceTree = "<group>"; };
		C4EB7DBBFA6E2D409B987FCA /* Pods-Pocket SpaceX.debug.xcconfig */ = {isa = PBXFileReference; includeInIndex = 1; lastKnownFileType = text.xcconfig; name = "Pods-Pocket SpaceX.debug.xcconfig"; path = "Target Support Files/Pods-Pocket SpaceX/Pods-Pocket SpaceX.debug.xcconfig"; sourceTree = "<group>"; };
/* End PBXFileReference section */

/* Begin PBXFrameworksBuildPhase section */
		3A9C21962505695400F8B0D6 /* Frameworks */ = {
			isa = PBXFrameworksBuildPhase;
			buildActionMask = 2147483647;
			files = (
				3A5F410F2517D54F002460EA /* Pods_Pocket_SpaceX.framework in Frameworks */,
			);
			runOnlyForDeploymentPostprocessing = 0;
		};
/* End PBXFrameworksBuildPhase section */

/* Begin PBXGroup section */
		3A5AE58B251FC55B000E43C6 /* Launchpad */ = {
			isa = PBXGroup;
			children = (
				3A5AE5B725209FBC000E43C6 /* Cells */,
				3A5AE5B025209C1D000E43C6 /* TableHandler */,
				3A5AE5A4251FE756000E43C6 /* Interactor */,
				3A5AE58C251FC5FA000E43C6 /* View */,
				3A5AE593251FC778000E43C6 /* Presenter */,
				3A5AE59D251FCD75000E43C6 /* Router */,
				3A5AE590251FC65E000E43C6 /* LaunchpadAssembler.swift */,
			);
			path = Launchpad;
			sourceTree = "<group>";
		};
		3A5AE58C251FC5FA000E43C6 /* View */ = {
			isa = PBXGroup;
			children = (
				3A5AE58D251FC639000E43C6 /* LaunchpadController.swift */,
			);
			path = View;
			sourceTree = "<group>";
		};
		3A5AE593251FC778000E43C6 /* Presenter */ = {
			isa = PBXGroup;
			children = (
				3A5AE594251FC8DD000E43C6 /* LaunchpadPresenter.swift */,
				3A5AE597251FC92F000E43C6 /* LaunchpadPresenterInput.swift */,
				3A5AE59A251FCAC0000E43C6 /* LaunchpadPresenterOutput.swift */,
			);
			path = Presenter;
			sourceTree = "<group>";
		};
		3A5AE59D251FCD75000E43C6 /* Router */ = {
			isa = PBXGroup;
			children = (
				3A5AE59E251FCD9E000E43C6 /* LaunchpadRouter.swift */,
				3A5AE5A1251FCDF2000E43C6 /* LaunchpadRouting.swift */,
			);
			path = Router;
			sourceTree = "<group>";
		};
		3A5AE5A4251FE756000E43C6 /* Interactor */ = {
			isa = PBXGroup;
			children = (
				3A5AE5A7252096ED000E43C6 /* LaunchpadInteractor.swift */,
				3A5AE5AA25209763000E43C6 /* LaunchpadInteractorInput.swift */,
				3A5AE5AD25209789000E43C6 /* LaunchpadInteractorOutput.swift */,
			);
			path = Interactor;
			sourceTree = "<group>";
		};
		3A5AE5B025209C1D000E43C6 /* TableHandler */ = {
			isa = PBXGroup;
			children = (
				3A5AE5B125209C59000E43C6 /* LaunchpadTableHandler.swift */,
				3A5AE5B425209C93000E43C6 /* LaunchpadTableHandlerProtocol.swift */,
			);
			path = TableHandler;
			sourceTree = "<group>";
		};
		3A5AE5B725209FBC000E43C6 /* Cells */ = {
			isa = PBXGroup;
			children = (
				3A5AE5B82520A047000E43C6 /* LaunchpadCell.swift */,
				3A5AE5B92520A047000E43C6 /* LaunchpadCell.xib */,
			);
			path = Cells;
			sourceTree = "<group>";
		};
		3A5AE5BD252121B7000E43C6 /* LaunchpadInfo */ = {
			isa = PBXGroup;
			children = (
				3A5AE5EC252283AE000E43C6 /* MapHandler */,
				3A5AE5C02521224D000E43C6 /* View */,
				3A5AE5D825226E05000E43C6 /* Interactor */,
				3A5AE5CA25212F3F000E43C6 /* Presenter */,
				3A5AE5CB2521320B000E43C6 /* Router */,
				3A5AE5C725212394000E43C6 /* LaunchpadInfoAssembler.swift */,
			);
			path = LaunchpadInfo;
			sourceTree = "<group>";
		};
		3A5AE5C02521224D000E43C6 /* View */ = {
			isa = PBXGroup;
			children = (
				3A5AE5C125212284000E43C6 /* LaunchpadInfoController.swift */,
				3A5AE5C225212284000E43C6 /* LaunchpadInfoController.xib */,
			);
			path = View;
			sourceTree = "<group>";
		};
		3A5AE5CA25212F3F000E43C6 /* Presenter */ = {
			isa = PBXGroup;
			children = (
				3A5AE5D925226E5F000E43C6 /* LaunchpadInfoPresenter.swift */,
				3A5AE5DD25226F09000E43C6 /* LaunchpadInfoPresenterInput.swift */,
				3A5AE5E02522701D000E43C6 /* LaunchpadInfoPresenterOutput.swift */,
			);
			path = Presenter;
			sourceTree = "<group>";
		};
		3A5AE5CB2521320B000E43C6 /* Router */ = {
			isa = PBXGroup;
			children = (
				3A5AE5D125213297000E43C6 /* LaunchpadInfoRouter.swift */,
				3A5AE5D425213334000E43C6 /* LaunchpadInfoRouting.swift */,
			);
			path = Router;
			sourceTree = "<group>";
		};
		3A5AE5D825226E05000E43C6 /* Interactor */ = {
			isa = PBXGroup;
			children = (
				3A5AE5E32522781B000E43C6 /* LaunchpadInfoInteractor.swift */,
				3A5AE5E625227A4A000E43C6 /* LaunchpadInfoInteractorInput.swift */,
				3A5AE5E925227AE4000E43C6 /* LaunchpadInfoInteractorOutput.swift */,
			);
			path = Interactor;
			sourceTree = "<group>";
		};
		3A5AE5EC252283AE000E43C6 /* MapHandler */ = {
			isa = PBXGroup;
			children = (
				3A5AE5EE25228A86000E43C6 /* LaunchpadInfoMapHandler.swift */,
				3A5AE5F125228AF2000E43C6 /* LaunchpadInfoMapHandlerProtocol.swift */,
			);
			path = MapHandler;
			sourceTree = "<group>";
		};
		3A5AE5F42523BE59000E43C6 /* Settings */ = {
			isa = PBXGroup;
			children = (
				3A5AE5F82523BE80000E43C6 /* View */,
				3A72BC792527279D00A3DE08 /* Interactor */,
				3A72BC6F252724D300A3DE08 /* Presenter */,
				3A72BC84252728ED00A3DE08 /* Router */,
				3A5AE5FA2523BF48000E43C6 /* SettingsAssembler.swift */,
			);
			path = Settings;
			sourceTree = "<group>";
		};
		3A5AE5F82523BE80000E43C6 /* View */ = {
			isa = PBXGroup;
			children = (
				3A5AE5F52523BE7C000E43C6 /* SettingsController.swift */,
			);
			path = View;
			sourceTree = "<group>";
		};
		3A5F40DE25169221002460EA /* Presenter */ = {
			isa = PBXGroup;
			children = (
				3A5F40DF2516925A002460EA /* LaunchInfoPresenter.swift */,
				3A5F40E32516929D002460EA /* LaunchInfoPresenterInput.swift */,
				3A5F40E6251692BD002460EA /* LaunchInfoPresenterOutput.swift */,
			);
			path = Presenter;
			sourceTree = "<group>";
		};
		3A5F40E9251694CD002460EA /* Interactor */ = {
			isa = PBXGroup;
			children = (
				3A5F40EA2516951A002460EA /* LaunchInfoInteractor.swift */,
				3A5F40EE25169558002460EA /* LaunchInfoInteractorInput.swift */,
				3A5F40F125169593002460EA /* LaunchInfoInteractorOutput.swift */,
			);
			path = Interactor;
			sourceTree = "<group>";
		};
		3A5F40F92516A5B1002460EA /* YoutubeHandler */ = {
			isa = PBXGroup;
			children = (
				3A5F40FA2516A612002460EA /* LaunchInfoYoutubeHandler.swift */,
				3A5F40FE2516A67D002460EA /* LaunchInfoYoutubeHandlerProtocol.swift */,
			);
			path = YoutubeHandler;
			sourceTree = "<group>";
		};
		3A5F411B2519389E002460EA /* Router */ = {
			isa = PBXGroup;
			children = (
				3A5F411C251938F9002460EA /* LaunchInfoRouter.swift */,
				3A5F411E25193978002460EA /* LaunchInfoRouting.swift */,
			);
			path = Router;
			sourceTree = "<group>";
		};
		3A72BC6625266A9100A3DE08 /* Flickr */ = {
			isa = PBXGroup;
			children = (
				3A72BC6825266C5700A3DE08 /* FlickrView.swift */,
				3A72BC6C25266C8700A3DE08 /* FlickrView.xib */,
			);
			path = Flickr;
			sourceTree = "<group>";
		};
		3A72BC6F252724D300A3DE08 /* Presenter */ = {
			isa = PBXGroup;
			children = (
				3A72BC70252724ED00A3DE08 /* SettingsPresenter.swift */,
				3A72BC732527250600A3DE08 /* SettingsPresenterInput.swift */,
				3A72BC762527253E00A3DE08 /* SettingsPresenterOutput.swift */,
			);
			path = Presenter;
			sourceTree = "<group>";
		};
		3A72BC792527279D00A3DE08 /* Interactor */ = {
			isa = PBXGroup;
			children = (
				3A72BC7A252727D200A3DE08 /* SettingsInteractor.swift */,
				3A72BC7E252727F000A3DE08 /* SettingsInteractorInput.swift */,
				3A72BC812527280B00A3DE08 /* SettingsInteractorOutput.swift */,
			);
			path = Interactor;
			sourceTree = "<group>";
		};
		3A72BC84252728ED00A3DE08 /* Router */ = {
			isa = PBXGroup;
			children = (
				3A72BC852527298900A3DE08 /* SettingsRouter.swift */,
				3A72BC88252729D700A3DE08 /* SettingsRouting.swift */,
			);
			path = Router;
			sourceTree = "<group>";
		};
		3A8506C02506D10B00923C18 /* Managers */ = {
			isa = PBXGroup;
			children = (
				3A8506C12506D13900923C18 /* NetworkApi.swift */,
				3A850718250E237E00923C18 /* DataManager.swift */,
				3A72BC8B25276A7E00A3DE08 /* UserDefaultsManager.swift */,
			);
			path = Managers;
			sourceTree = "<group>";
		};
		3A8506C32506D69900923C18 /* Rocket */ = {
			isa = PBXGroup;
			children = (
				3A8506DA25097B4C00923C18 /* Cells */,
				3A8506D52509756A00923C18 /* CollectionHandler */,
				3A8506C42506D6D800923C18 /* View */,
				3A8506DF250ABC5800923C18 /* Interactor */,
				3A8506C925081D9700923C18 /* Presenter */,
				3A8506D025081F8300923C18 /* Router */,
				3A8506C72506D74000923C18 /* RocketAssembler.swift */,
			);
			path = Rocket;
			sourceTree = "<group>";
		};
		3A8506C42506D6D800923C18 /* View */ = {
			isa = PBXGroup;
			children = (
				3A8506C52506D70D00923C18 /* RocketController.swift */,
			);
			path = View;
			sourceTree = "<group>";
		};
		3A8506C925081D9700923C18 /* Presenter */ = {
			isa = PBXGroup;
			children = (
				3A8506CA25081DDD00923C18 /* RocketPresenter.swift */,
				3A8506CC25081E0500923C18 /* RocketPresenterInput.swift */,
				3A8506CE25081E3900923C18 /* RocketPresenterOutput.swift */,
			);
			path = Presenter;
			sourceTree = "<group>";
		};
		3A8506D025081F8300923C18 /* Router */ = {
			isa = PBXGroup;
			children = (
				3A8506D125081FCB00923C18 /* RocketRouter.swift */,
				3A8506D325081FF500923C18 /* RocketRouting.swift */,
			);
			path = Router;
			sourceTree = "<group>";
		};
		3A8506D52509756A00923C18 /* CollectionHandler */ = {
			isa = PBXGroup;
			children = (
				3A8506D62509760200923C18 /* RocketCollectionHandler.swift */,
				3A8506D82509764C00923C18 /* RocketCollectionHandlerProtocol.swift */,
			);
			path = CollectionHandler;
			sourceTree = "<group>";
		};
		3A8506DA25097B4C00923C18 /* Cells */ = {
			isa = PBXGroup;
			children = (
				3A8506DB25097B9A00923C18 /* RocketCell.swift */,
				3A8506DC25097B9A00923C18 /* RocketCell.xib */,
			);
			path = Cells;
			sourceTree = "<group>";
		};
		3A8506DF250ABC5800923C18 /* Interactor */ = {
			isa = PBXGroup;
			children = (
				3A8506E0250ABCB700923C18 /* RocketInteractor.swift */,
				3A8506E2250ABD2300923C18 /* RocketInteractorInput.swift */,
				3A8506E4250ABD7900923C18 /* RocketInteractorOutput.swift */,
			);
			path = Interactor;
			sourceTree = "<group>";
		};
		3A8506E8250B9E2200923C18 /* RocketInfo */ = {
			isa = PBXGroup;
			children = (
				3A85070D250CDC9300923C18 /* Cells */,
				3A850704250C21FE00923C18 /* TableHandler */,
				3A8506E9250B9E3900923C18 /* View */,
				3A8506F8250BB3C300923C18 /* Interactor */,
				3A8506F1250BAF9D00923C18 /* Presenter */,
				3A8506FF250BC0F600923C18 /* Router */,
				3A8506EC250B9E9500923C18 /* RocketInfoAssembler.swift */,
			);
			path = RocketInfo;
			sourceTree = "<group>";
		};
		3A8506E9250B9E3900923C18 /* View */ = {
			isa = PBXGroup;
			children = (
				3A8506EA250B9E6200923C18 /* RocketInfoController.swift */,
			);
			path = View;
			sourceTree = "<group>";
		};
		3A8506EE250BA56400923C18 /* Extensions */ = {
			isa = PBXGroup;
			children = (
				3A850709250CD9E500923C18 /* UIImageView.swift */,
				3A72BC93252A3DAA00A3DE08 /* UIButton.swift */,
			);
			path = Extensions;
			sourceTree = "<group>";
		};
		3A8506F1250BAF9D00923C18 /* Presenter */ = {
			isa = PBXGroup;
			children = (
				3A8506F2250BB09300923C18 /* RocketInfoPresenter.swift */,
				3A8506F4250BB0B700923C18 /* RocketInfoPresenterInput.swift */,
				3A8506F6250BB10B00923C18 /* RocketInfoPresenterOutput.swift */,
			);
			path = Presenter;
			sourceTree = "<group>";
		};
		3A8506F8250BB3C300923C18 /* Interactor */ = {
			isa = PBXGroup;
			children = (
				3A8506F9250BB3F500923C18 /* RocketInfoInteractor.swift */,
				3A8506FB250BB41500923C18 /* RocketInfoInteractorInput.swift */,
				3A8506FD250BB44D00923C18 /* RocketInfoInteractorOutput.swift */,
			);
			path = Interactor;
			sourceTree = "<group>";
		};
		3A8506FF250BC0F600923C18 /* Router */ = {
			isa = PBXGroup;
			children = (
				3A850700250BC13C00923C18 /* RocketInfoRouter.swift */,
				3A850702250BC18500923C18 /* RocketInfoRouting.swift */,
			);
			path = Router;
			sourceTree = "<group>";
		};
		3A850704250C21FE00923C18 /* TableHandler */ = {
			isa = PBXGroup;
			children = (
				3A850705250C224200923C18 /* RocketInfoTableHandler.swift */,
				3A850707250C227500923C18 /* RocketInfoTableHandlerProtocol.swift */,
			);
			path = TableHandler;
			sourceTree = "<group>";
		};
		3A85070D250CDC9300923C18 /* Cells */ = {
			isa = PBXGroup;
			children = (
				3A85070E250CDE1700923C18 /* RocketInfoCell.swift */,
				3A85070F250CDE1700923C18 /* RocketInfoCell.xib */,
				3A850712250CE5A100923C18 /* HeaderInfoCell.swift */,
				3A850714250CE61300923C18 /* HeaderInfoCell.xib */,
				3A850716250CEA5300923C18 /* FooterInfoCell.swift */,
			);
			path = Cells;
			sourceTree = "<group>";
		};
		3A85071E250E6F0500923C18 /* Interactor */ = {
			isa = PBXGroup;
			children = (
				3A85071F250E6F4700923C18 /* LaunchInteractor.swift */,
				3A850721250E6F9600923C18 /* LaunchInteractorInput.swift */,
				3A850723250E6FC200923C18 /* LaunchInteractorOutput.swift */,
			);
			path = Interactor;
			sourceTree = "<group>";
		};
		3A850725250EAF5700923C18 /* TableHandler */ = {
			isa = PBXGroup;
			children = (
				3A850726250EAF9700923C18 /* LaunchTableHandler.swift */,
				3A850728250EB01600923C18 /* LaunchTableHandlerProtocol.swift */,
			);
			path = TableHandler;
			sourceTree = "<group>";
		};
		3A85072A250EB29600923C18 /* Cells */ = {
			isa = PBXGroup;
			children = (
				3A85072B250EB2D100923C18 /* LaunchCell.swift */,
				3A85072C250EB2D100923C18 /* LaunchCell.xib */,
			);
			path = Cells;
			sourceTree = "<group>";
		};
		3A85072F250EBC1C00923C18 /* SearchHandler */ = {
			isa = PBXGroup;
			children = (
				3A850730250EBC3300923C18 /* LaunchSearchHandler.swift */,
				3A850732250EBC5E00923C18 /* LaunchSearchHandlerProtocol.swift */,
			);
			path = SearchHandler;
			sourceTree = "<group>";
		};
		3A8507362511552200923C18 /* LaunchInfo */ = {
			isa = PBXGroup;
			children = (
				3A72BC6625266A9100A3DE08 /* Flickr */,
				3A5F40F92516A5B1002460EA /* YoutubeHandler */,
				3A850737251156DF00923C18 /* View */,
				3A5F40E9251694CD002460EA /* Interactor */,
				3A5F40DE25169221002460EA /* Presenter */,
				3A5F411B2519389E002460EA /* Router */,
				3A85073C251157A100923C18 /* LaunchInfoAssembler.swift */,
			);
			path = LaunchInfo;
			sourceTree = "<group>";
		};
		3A850737251156DF00923C18 /* View */ = {
			isa = PBXGroup;
			children = (
				3A8507382511570800923C18 /* LaunchInfoController.swift */,
				3A8507392511570800923C18 /* LaunchInfoController.xib */,
			);
			path = View;
			sourceTree = "<group>";
		};
		3A85073E2512A59200923C18 /* Starlink */ = {
			isa = PBXGroup;
			children = (
				3A8D937425161D88003E1C48 /* Cells */,
				3A8D936D251553FE003E1C48 /* TableHandler */,
				3A85073F2512A95400923C18 /* View */,
				3A8507522512B1D200923C18 /* Interactor */,
				3A8507462512AD3E00923C18 /* Presenter */,
				3A85074D2512AFEE00923C18 /* Router */,
				3A8507422512A9B700923C18 /* StarlinkAssembler.swift */,
			);
			path = Starlink;
			sourceTree = "<group>";
		};
		3A85073F2512A95400923C18 /* View */ = {
			isa = PBXGroup;
			children = (
				3A8507402512A97A00923C18 /* StarlinkController.swift */,
			);
			path = View;
			sourceTree = "<group>";
		};
		3A8507462512AD3E00923C18 /* Presenter */ = {
			isa = PBXGroup;
			children = (
				3A8507472512AD6500923C18 /* StarlinkPresenter.swift */,
				3A8507492512AD7B00923C18 /* StarlinkPresenterInput.swift */,
				3A85074B2512ADD800923C18 /* StarlinkPresenterOutput.swift */,
			);
			path = Presenter;
			sourceTree = "<group>";
		};
		3A85074D2512AFEE00923C18 /* Router */ = {
			isa = PBXGroup;
			children = (
				3A85074E2512B05B00923C18 /* StarlinkRouter.swift */,
				3A8507502512B07400923C18 /* StarlinkRouting.swift */,
			);
			path = Router;
			sourceTree = "<group>";
		};
		3A8507522512B1D200923C18 /* Interactor */ = {
			isa = PBXGroup;
			children = (
				3A8507532512B1FC00923C18 /* StarlinkInteractor.swift */,
				3A8507552512B22300923C18 /* StarlinkInteractorInput.swift */,
				3A8507572512B24100923C18 /* StarlinkInteractorOutput.swift */,
			);
			path = Interactor;
			sourceTree = "<group>";
		};
		3A8D936D251553FE003E1C48 /* TableHandler */ = {
			isa = PBXGroup;
			children = (
				3A8D936E25155578003E1C48 /* StarlinkTableHandler.swift */,
				3A8D9371251555D2003E1C48 /* StarlinkTableHandlerProtocol.swift */,
			);
			path = TableHandler;
			sourceTree = "<group>";
		};
		3A8D937425161D88003E1C48 /* Cells */ = {
			isa = PBXGroup;
			children = (
				3A8D937625161DF4003E1C48 /* StarlinkCell.swift */,
				3A8D937725161DF4003E1C48 /* StarlinkCell.xib */,
				3A5F40D725165074002460EA /* HeaderStarlinkCell.swift */,
			);
			path = Cells;
			sourceTree = "<group>";
		};
		3A9C21902505695400F8B0D6 = {
			isa = PBXGroup;
			children = (
				3A9C219B2505695400F8B0D6 /* Pocket SpaceX */,
				3A9C219A2505695400F8B0D6 /* Products */,
				7A55157CB7514A1D9E5A40E7 /* Pods */,
				81626AA6C8444FE97BE42F2F /* Frameworks */,
			);
			sourceTree = "<group>";
		};
		3A9C219A2505695400F8B0D6 /* Products */ = {
			isa = PBXGroup;
			children = (
				3A9C21992505695400F8B0D6 /* Pocket SpaceX.app */,
			);
			name = Products;
			sourceTree = "<group>";
		};
		3A9C219B2505695400F8B0D6 /* Pocket SpaceX */ = {
			isa = PBXGroup;
			children = (
				3A8506EE250BA56400923C18 /* Extensions */,
				3A9C21B025056EF700F8B0D6 /* SideMenu */,
				3A9C21BC250578F700F8B0D6 /* Modules */,
				3A8506C02506D10B00923C18 /* Managers */,
				3A9C21D42506CE1500F8B0D6 /* Models */,
				3A9C21CE2506C95A00F8B0D6 /* Utilits */,
				3A9C21CF2506C9B000F8B0D6 /* Supporting Files */,
				3A9C21AA2505695800F8B0D6 /* Info.plist */,
			);
			path = "Pocket SpaceX";
			sourceTree = "<group>";
		};
		3A9C21B025056EF700F8B0D6 /* SideMenu */ = {
			isa = PBXGroup;
			children = (
				3A9C21B125056FD500F8B0D6 /* MenuOptionCell.swift */,
				3A9C21B32505706C00F8B0D6 /* MenuOption.swift */,
				3A9C21B52505738D00F8B0D6 /* MenuDelegate.swift */,
				3A9C21B72505743300F8B0D6 /* MenuController.swift */,
				3A9C21B92505761D00F8B0D6 /* ContainerController.swift */,
			);
			path = SideMenu;
			sourceTree = "<group>";
		};
		3A9C21BB250578AF00F8B0D6 /* Launch */ = {
			isa = PBXGroup;
			children = (
				3A85072F250EBC1C00923C18 /* SearchHandler */,
				3A85072A250EB29600923C18 /* Cells */,
				3A850725250EAF5700923C18 /* TableHandler */,
				3A9C21BD25057A0000F8B0D6 /* View */,
				3A85071E250E6F0500923C18 /* Interactor */,
				3A9C21C2250580D400F8B0D6 /* Presenter */,
				3A9C21C92505854200F8B0D6 /* Router */,
				3A9C21C025057ACC00F8B0D6 /* LaunchAssembler.swift */,
			);
			path = Launch;
			sourceTree = "<group>";
		};
		3A9C21BC250578F700F8B0D6 /* Modules */ = {
			isa = PBXGroup;
			children = (
				3A5AE5F42523BE59000E43C6 /* Settings */,
				3A9C21BB250578AF00F8B0D6 /* Launch */,
				3A8507362511552200923C18 /* LaunchInfo */,
				3A5AE58B251FC55B000E43C6 /* Launchpad */,
				3A5AE5BD252121B7000E43C6 /* LaunchpadInfo */,
				3A8506C32506D69900923C18 /* Rocket */,
				3A8506E8250B9E2200923C18 /* RocketInfo */,
				3A85073E2512A59200923C18 /* Starlink */,
			);
			path = Modules;
			sourceTree = "<group>";
		};
		3A9C21BD25057A0000F8B0D6 /* View */ = {
			isa = PBXGroup;
			children = (
				3A9C21BE25057A3E00F8B0D6 /* LaunchController.swift */,
			);
			path = View;
			sourceTree = "<group>";
		};
		3A9C21C2250580D400F8B0D6 /* Presenter */ = {
			isa = PBXGroup;
			children = (
				3A9C21C32505816200F8B0D6 /* LaunchPresenter.swift */,
				3A9C21C5250581E600F8B0D6 /* LaunchPresenterInput.swift */,
				3A9C21C72505821500F8B0D6 /* LaunchPresenterOutput.swift */,
			);
			path = Presenter;
			sourceTree = "<group>";
		};
		3A9C21C92505854200F8B0D6 /* Router */ = {
			isa = PBXGroup;
			children = (
				3A9C21CA2505856800F8B0D6 /* LaunchRouter.swift */,
				3A9C21CC2505859D00F8B0D6 /* LaunchRouting.swift */,
			);
			path = Router;
			sourceTree = "<group>";
		};
		3A9C21CE2506C95A00F8B0D6 /* Utilits */ = {
			isa = PBXGroup;
			children = (
				3A85071A250E5E6500923C18 /* ImageCell.swift */,
				3A9C21D02506CA5400F8B0D6 /* Reachability.swift */,
				3A9C21D22506CC0900F8B0D6 /* BaseRequest.swift */,
				3A8506BE2506D08700923C18 /* Errors.swift */,
				3A8506E6250B9BA900923C18 /* SpinnerController.swift */,
				3ADAE0D4252BA07E00F7525B /* ErrorController.swift */,
				3A85070B250CDBF400923C18 /* BaseXibView.swift */,
				3A72BC8F25293F2E00A3DE08 /* LoadingButton.swift */,
			);
			path = Utilits;
			sourceTree = "<group>";
		};
		3A9C21CF2506C9B000F8B0D6 /* Supporting Files */ = {
			isa = PBXGroup;
			children = (
				3A9C219C2505695400F8B0D6 /* AppDelegate.swift */,
				3A9C219E2505695400F8B0D6 /* SceneDelegate.swift */,
				3A9C21A72505695800F8B0D6 /* LaunchScreen.storyboard */,
				3A9C21A52505695800F8B0D6 /* Assets.xcassets */,
			);
			path = "Supporting Files";
			sourceTree = "<group>";
		};
		3A9C21D42506CE1500F8B0D6 /* Models */ = {
			isa = PBXGroup;
			children = (
				3A9C21D52506CE3A00F8B0D6 /* RocketData.swift */,
				3A5AE587251FBD94000E43C6 /* LaunchpadData.swift */,
				3A85071C250E6CBC00923C18 /* LaunchData.swift */,
				3A8507442512AB4100923C18 /* StarlinkData.swift */,
				3A5F40DA25166A1A002460EA /* Enums.swift */,
			);
			path = Models;
			sourceTree = "<group>";
		};
		7A55157CB7514A1D9E5A40E7 /* Pods */ = {
			isa = PBXGroup;
			children = (
				C4EB7DBBFA6E2D409B987FCA /* Pods-Pocket SpaceX.debug.xcconfig */,
				8E476436C7E6549975E54789 /* Pods-Pocket SpaceX.release.xcconfig */,
			);
			path = Pods;
			sourceTree = "<group>";
		};
		81626AA6C8444FE97BE42F2F /* Frameworks */ = {
			isa = PBXGroup;
			children = (
				347ED40A50A097C413AC4A04 /* Pods_Pocket_SpaceX.framework */,
			);
			name = Frameworks;
			sourceTree = "<group>";
		};
/* End PBXGroup section */

/* Begin PBXNativeTarget section */
		3A9C21982505695400F8B0D6 /* Pocket SpaceX */ = {
			isa = PBXNativeTarget;
			buildConfigurationList = 3A9C21AD2505695800F8B0D6 /* Build configuration list for PBXNativeTarget "Pocket SpaceX" */;
			buildPhases = (
				AADA7244245F073A7049EF95 /* [CP] Check Pods Manifest.lock */,
				3A9C21952505695400F8B0D6 /* Sources */,
				3A9C21962505695400F8B0D6 /* Frameworks */,
				3A9C21972505695400F8B0D6 /* Resources */,
				A9C8A2BD75B51F394E6D5B1E /* [CP] Embed Pods Frameworks */,
			);
			buildRules = (
			);
			dependencies = (
			);
			name = "Pocket SpaceX";
			productName = "Pocket SpaceX";
			productReference = 3A9C21992505695400F8B0D6 /* Pocket SpaceX.app */;
			productType = "com.apple.product-type.application";
		};
/* End PBXNativeTarget section */

/* Begin PBXProject section */
		3A9C21912505695400F8B0D6 /* Project object */ = {
			isa = PBXProject;
			attributes = {
				KnownAssetTags = (
					New,
				);
				LastSwiftUpdateCheck = 1160;
				LastUpgradeCheck = 1200;
				ORGANIZATIONNAME = Home;
				TargetAttributes = {
					3A9C21982505695400F8B0D6 = {
						CreatedOnToolsVersion = 11.6;
					};
				};
			};
			buildConfigurationList = 3A9C21942505695400F8B0D6 /* Build configuration list for PBXProject "Pocket SpaceX" */;
			compatibilityVersion = "Xcode 9.3";
			developmentRegion = en;
			hasScannedForEncodings = 0;
			knownRegions = (
				en,
				Base,
			);
			mainGroup = 3A9C21902505695400F8B0D6;
			productRefGroup = 3A9C219A2505695400F8B0D6 /* Products */;
			projectDirPath = "";
			projectRoot = "";
			targets = (
				3A9C21982505695400F8B0D6 /* Pocket SpaceX */,
			);
		};
/* End PBXProject section */

/* Begin PBXResourcesBuildPhase section */
		3A9C21972505695400F8B0D6 /* Resources */ = {
			isa = PBXResourcesBuildPhase;
			buildActionMask = 2147483647;
			files = (
				3A9C21A92505695800F8B0D6 /* LaunchScreen.storyboard in Resources */,
				3A8D937925161DF4003E1C48 /* StarlinkCell.xib in Resources */,
				3A5AE5C425212284000E43C6 /* LaunchpadInfoController.xib in Resources */,
				3A9C21A62505695800F8B0D6 /* Assets.xcassets in Resources */,
				3A85072E250EB2D100923C18 /* LaunchCell.xib in Resources */,
				3A72BC6D25266C8700A3DE08 /* FlickrView.xib in Resources */,
				3A85073B2511570800923C18 /* LaunchInfoController.xib in Resources */,
				3A8506DE25097B9A00923C18 /* RocketCell.xib in Resources */,
				3A850715250CE61300923C18 /* HeaderInfoCell.xib in Resources */,
				3A5AE5BB2520A047000E43C6 /* LaunchpadCell.xib in Resources */,
				3A850711250CDE1700923C18 /* RocketInfoCell.xib in Resources */,
			);
			runOnlyForDeploymentPostprocessing = 0;
		};
/* End PBXResourcesBuildPhase section */

/* Begin PBXShellScriptBuildPhase section */
		A9C8A2BD75B51F394E6D5B1E /* [CP] Embed Pods Frameworks */ = {
			isa = PBXShellScriptBuildPhase;
			buildActionMask = 2147483647;
			files = (
			);
			inputFileListPaths = (
				"${PODS_ROOT}/Target Support Files/Pods-Pocket SpaceX/Pods-Pocket SpaceX-frameworks-${CONFIGURATION}-input-files.xcfilelist",
			);
			name = "[CP] Embed Pods Frameworks";
			outputFileListPaths = (
				"${PODS_ROOT}/Target Support Files/Pods-Pocket SpaceX/Pods-Pocket SpaceX-frameworks-${CONFIGURATION}-output-files.xcfilelist",
			);
			runOnlyForDeploymentPostprocessing = 0;
			shellPath = /bin/sh;
			shellScript = "\"${PODS_ROOT}/Target Support Files/Pods-Pocket SpaceX/Pods-Pocket SpaceX-frameworks.sh\"\n";
			showEnvVarsInLog = 0;
		};
		AADA7244245F073A7049EF95 /* [CP] Check Pods Manifest.lock */ = {
			isa = PBXShellScriptBuildPhase;
			buildActionMask = 2147483647;
			files = (
			);
			inputFileListPaths = (
			);
			inputPaths = (
				"${PODS_PODFILE_DIR_PATH}/Podfile.lock",
				"${PODS_ROOT}/Manifest.lock",
			);
			name = "[CP] Check Pods Manifest.lock";
			outputFileListPaths = (
			);
			outputPaths = (
				"$(DERIVED_FILE_DIR)/Pods-Pocket SpaceX-checkManifestLockResult.txt",
			);
			runOnlyForDeploymentPostprocessing = 0;
			shellPath = /bin/sh;
			shellScript = "diff \"${PODS_PODFILE_DIR_PATH}/Podfile.lock\" \"${PODS_ROOT}/Manifest.lock\" > /dev/null\nif [ $? != 0 ] ; then\n    # print error to STDERR\n    echo \"error: The sandbox is not in sync with the Podfile.lock. Run 'pod install' or update your CocoaPods installation.\" >&2\n    exit 1\nfi\n# This output is used by Xcode 'outputs' to avoid re-running this script phase.\necho \"SUCCESS\" > \"${SCRIPT_OUTPUT_FILE_0}\"\n";
			showEnvVarsInLog = 0;
		};
/* End PBXShellScriptBuildPhase section */

/* Begin PBXSourcesBuildPhase section */
		3A9C21952505695400F8B0D6 /* Sources */ = {
			isa = PBXSourcesBuildPhase;
			buildActionMask = 2147483647;
			files = (
				3A9C21D32506CC0900F8B0D6 /* BaseRequest.swift in Sources */,
				3A5AE5D225213297000E43C6 /* LaunchpadInfoRouter.swift in Sources */,
				3A5AE59F251FCD9E000E43C6 /* LaunchpadRouter.swift in Sources */,
				3A850706250C224200923C18 /* RocketInfoTableHandler.swift in Sources */,
				3A85074A2512AD7B00923C18 /* StarlinkPresenterInput.swift in Sources */,
				3A5F40E02516925A002460EA /* LaunchInfoPresenter.swift in Sources */,
				3A8507482512AD6500923C18 /* StarlinkPresenter.swift in Sources */,
				3A850708250C227500923C18 /* RocketInfoTableHandlerProtocol.swift in Sources */,
				3A5AE58E251FC639000E43C6 /* LaunchpadController.swift in Sources */,
				3A850720250E6F4700923C18 /* LaunchInteractor.swift in Sources */,
				3A8506E7250B9BA900923C18 /* SpinnerController.swift in Sources */,
				3A8507562512B22300923C18 /* StarlinkInteractorInput.swift in Sources */,
				3A5F40FB2516A612002460EA /* LaunchInfoYoutubeHandler.swift in Sources */,
				3A8507542512B1FC00923C18 /* StarlinkInteractor.swift in Sources */,
				3A9C21B82505743300F8B0D6 /* MenuController.swift in Sources */,
				3A85070C250CDBF400923C18 /* BaseXibView.swift in Sources */,
				3A9C21C42505816200F8B0D6 /* LaunchPresenter.swift in Sources */,
				3A8506FA250BB3F500923C18 /* RocketInfoInteractor.swift in Sources */,
				3A5AE5AB25209763000E43C6 /* LaunchpadInteractorInput.swift in Sources */,
				3A72BC7F252727F000A3DE08 /* SettingsInteractorInput.swift in Sources */,
				3A5AE5AE25209789000E43C6 /* LaunchpadInteractorOutput.swift in Sources */,
				3A72BC71252724ED00A3DE08 /* SettingsPresenter.swift in Sources */,
				3A5F411D251938F9002460EA /* LaunchInfoRouter.swift in Sources */,
				3A8506F3250BB09300923C18 /* RocketInfoPresenter.swift in Sources */,
				3A850729250EB01600923C18 /* LaunchTableHandlerProtocol.swift in Sources */,
				3A9C21CD2505859D00F8B0D6 /* LaunchRouting.swift in Sources */,
				3A5F40EB2516951A002460EA /* LaunchInfoInteractor.swift in Sources */,
				3A8507452512AB4100923C18 /* StarlinkData.swift in Sources */,
				3A8506DD25097B9A00923C18 /* RocketCell.swift in Sources */,
				3A5F40FF2516A67D002460EA /* LaunchInfoYoutubeHandlerProtocol.swift in Sources */,
				3A8506CB25081DDD00923C18 /* RocketPresenter.swift in Sources */,
				3A9C21B225056FD500F8B0D6 /* MenuOptionCell.swift in Sources */,
				3A9C21C6250581E600F8B0D6 /* LaunchPresenterInput.swift in Sources */,
				3A9C21C82505821500F8B0D6 /* LaunchPresenterOutput.swift in Sources */,
				3A72BC822527280B00A3DE08 /* SettingsInteractorOutput.swift in Sources */,
				3A72BC94252A3DAA00A3DE08 /* UIButton.swift in Sources */,
				3A5AE5F225228AF2000E43C6 /* LaunchpadInfoMapHandlerProtocol.swift in Sources */,
				3A8506C82506D74000923C18 /* RocketAssembler.swift in Sources */,
				3A5F40E7251692BD002460EA /* LaunchInfoPresenterOutput.swift in Sources */,
				3A85074F2512B05B00923C18 /* StarlinkRouter.swift in Sources */,
				3A850703250BC18500923C18 /* RocketInfoRouting.swift in Sources */,
				3A5AE5E725227A4A000E43C6 /* LaunchpadInfoInteractorInput.swift in Sources */,
				3A8506CD25081E0500923C18 /* RocketPresenterInput.swift in Sources */,
				3A8506E5250ABD7900923C18 /* RocketInteractorOutput.swift in Sources */,
				3A8506EB250B9E6200923C18 /* RocketInfoController.swift in Sources */,
				3A8D937825161DF4003E1C48 /* StarlinkCell.swift in Sources */,
				3A5AE5A8252096ED000E43C6 /* LaunchpadInteractor.swift in Sources */,
				3A5AE5C325212284000E43C6 /* LaunchpadInfoController.swift in Sources */,
				3A9C21C125057ACC00F8B0D6 /* LaunchAssembler.swift in Sources */,
				3A5AE595251FC8DD000E43C6 /* LaunchpadPresenter.swift in Sources */,
				3A5AE591251FC65E000E43C6 /* LaunchpadAssembler.swift in Sources */,
				3A72BC772527253E00A3DE08 /* SettingsPresenterOutput.swift in Sources */,
				3A72BC742527250600A3DE08 /* SettingsPresenterInput.swift in Sources */,
				3A5AE588251FBD94000E43C6 /* LaunchpadData.swift in Sources */,
				3A85073A2511570800923C18 /* LaunchInfoController.swift in Sources */,
				3A5F40D825165074002460EA /* HeaderStarlinkCell.swift in Sources */,
				3A72BC89252729D700A3DE08 /* SettingsRouting.swift in Sources */,
				3A9C21CB2505856800F8B0D6 /* LaunchRouter.swift in Sources */,
				3A8506C62506D70D00923C18 /* RocketController.swift in Sources */,
				3A9C21D12506CA5400F8B0D6 /* Reachability.swift in Sources */,
				3ADAE0D5252BA07E00F7525B /* ErrorController.swift in Sources */,
				3A5AE5EA25227AE4000E43C6 /* LaunchpadInfoInteractorOutput.swift in Sources */,
				3A5AE59B251FCAC0000E43C6 /* LaunchpadPresenterOutput.swift in Sources */,
				3A850717250CEA5300923C18 /* FooterInfoCell.swift in Sources */,
				3A5AE598251FC92F000E43C6 /* LaunchpadPresenterInput.swift in Sources */,
				3A5AE5B225209C59000E43C6 /* LaunchpadTableHandler.swift in Sources */,
				3A5AE5D525213334000E43C6 /* LaunchpadInfoRouting.swift in Sources */,
				3A5F40F225169593002460EA /* LaunchInfoInteractorOutput.swift in Sources */,
				3A85071B250E5E6500923C18 /* ImageCell.swift in Sources */,
				3A8507432512A9B700923C18 /* StarlinkAssembler.swift in Sources */,
				3A8507582512B24100923C18 /* StarlinkInteractorOutput.swift in Sources */,
				3A8506FE250BB44D00923C18 /* RocketInfoInteractorOutput.swift in Sources */,
				3A72BC862527298900A3DE08 /* SettingsRouter.swift in Sources */,
				3A9C21BA2505761D00F8B0D6 /* ContainerController.swift in Sources */,
				3A5AE5A2251FCDF2000E43C6 /* LaunchpadRouting.swift in Sources */,
				3A85071D250E6CBC00923C18 /* LaunchData.swift in Sources */,
				3A5AE5EF25228A86000E43C6 /* LaunchpadInfoMapHandler.swift in Sources */,
				3A850724250E6FC200923C18 /* LaunchInteractorOutput.swift in Sources */,
				3A850733250EBC5E00923C18 /* LaunchSearchHandlerProtocol.swift in Sources */,
				3A850727250EAF9700923C18 /* LaunchTableHandler.swift in Sources */,
				3A5AE5DE25226F09000E43C6 /* LaunchpadInfoPresenterInput.swift in Sources */,
				3A5AE5F62523BE7C000E43C6 /* SettingsController.swift in Sources */,
				3A72BC6925266C5700A3DE08 /* FlickrView.swift in Sources */,
				3A5AE5FB2523BF48000E43C6 /* SettingsAssembler.swift in Sources */,
				3A8507412512A97A00923C18 /* StarlinkController.swift in Sources */,
				3A8D9372251555D2003E1C48 /* StarlinkTableHandlerProtocol.swift in Sources */,
				3A5F411F25193978002460EA /* LaunchInfoRouting.swift in Sources */,
				3A72BC8C25276A7E00A3DE08 /* UserDefaultsManager.swift in Sources */,
				3A8506CF25081E3900923C18 /* RocketPresenterOutput.swift in Sources */,
				3A8506ED250B9E9500923C18 /* RocketInfoAssembler.swift in Sources */,
				3A5F40EF25169558002460EA /* LaunchInfoInteractorInput.swift in Sources */,
				3A9C21D62506CE3A00F8B0D6 /* RocketData.swift in Sources */,
				3A9C219D2505695400F8B0D6 /* AppDelegate.swift in Sources */,
				3A8506FC250BB41500923C18 /* RocketInfoInteractorInput.swift in Sources */,
				3A9C21B42505706C00F8B0D6 /* MenuOption.swift in Sources */,
				3A5AE5E42522781B000E43C6 /* LaunchpadInfoInteractor.swift in Sources */,
				3A8507512512B07400923C18 /* StarlinkRouting.swift in Sources */,
				3A8506F5250BB0B700923C18 /* RocketInfoPresenterInput.swift in Sources */,
				3A5AE5DA25226E5F000E43C6 /* LaunchpadInfoPresenter.swift in Sources */,
				3A5AE5B525209C93000E43C6 /* LaunchpadTableHandlerProtocol.swift in Sources */,
				3A8506C22506D13900923C18 /* NetworkApi.swift in Sources */,
				3A9C21B62505738D00F8B0D6 /* MenuDelegate.swift in Sources */,
				3A72BC9025293F2E00A3DE08 /* LoadingButton.swift in Sources */,
				3A850710250CDE1700923C18 /* RocketInfoCell.swift in Sources */,
				3A85074C2512ADD800923C18 /* StarlinkPresenterOutput.swift in Sources */,
				3A8506E1250ABCB700923C18 /* RocketInteractor.swift in Sources */,
				3A5F40E42516929D002460EA /* LaunchInfoPresenterInput.swift in Sources */,
				3A9C21BF25057A3E00F8B0D6 /* LaunchController.swift in Sources */,
				3A5AE5BA2520A047000E43C6 /* LaunchpadCell.swift in Sources */,
				3A5F40DB25166A1A002460EA /* Enums.swift in Sources */,
				3A85072D250EB2D100923C18 /* LaunchCell.swift in Sources */,
				3A8506BF2506D08700923C18 /* Errors.swift in Sources */,
				3A850731250EBC3300923C18 /* LaunchSearchHandler.swift in Sources */,
				3A72BC7B252727D200A3DE08 /* SettingsInteractor.swift in Sources */,
				3A9C219F2505695400F8B0D6 /* SceneDelegate.swift in Sources */,
				3A8506E3250ABD2300923C18 /* RocketInteractorInput.swift in Sources */,
				3A850701250BC13C00923C18 /* RocketInfoRouter.swift in Sources */,
				3A850719250E237E00923C18 /* DataManager.swift in Sources */,
				3A850722250E6F9600923C18 /* LaunchInteractorInput.swift in Sources */,
				3A8D936F25155578003E1C48 /* StarlinkTableHandler.swift in Sources */,
				3A8506D92509764C00923C18 /* RocketCollectionHandlerProtocol.swift in Sources */,
				3A85073D251157A100923C18 /* LaunchInfoAssembler.swift in Sources */,
				3A850713250CE5A100923C18 /* HeaderInfoCell.swift in Sources */,
				3A8506D72509760200923C18 /* RocketCollectionHandler.swift in Sources */,
				3A85070A250CD9E500923C18 /* UIImageView.swift in Sources */,
				3A8506D425081FF500923C18 /* RocketRouting.swift in Sources */,
				3A8506D225081FCB00923C18 /* RocketRouter.swift in Sources */,
				3A5AE5C825212394000E43C6 /* LaunchpadInfoAssembler.swift in Sources */,
				3A5AE5E12522701E000E43C6 /* LaunchpadInfoPresenterOutput.swift in Sources */,
				3A8506F7250BB10B00923C18 /* RocketInfoPresenterOutput.swift in Sources */,
			);
			runOnlyForDeploymentPostprocessing = 0;
		};
/* End PBXSourcesBuildPhase section */

/* Begin PBXVariantGroup section */
		3A9C21A72505695800F8B0D6 /* LaunchScreen.storyboard */ = {
			isa = PBXVariantGroup;
			children = (
				3A9C21A82505695800F8B0D6 /* Base */,
			);
			name = LaunchScreen.storyboard;
			sourceTree = "<group>";
		};
/* End PBXVariantGroup section */

/* Begin XCBuildConfiguration section */
		3A9C21AB2505695800F8B0D6 /* Debug */ = {
			isa = XCBuildConfiguration;
			buildSettings = {
				ALWAYS_SEARCH_USER_PATHS = NO;
				CLANG_ANALYZER_NONNULL = YES;
				CLANG_ANALYZER_NUMBER_OBJECT_CONVERSION = YES_AGGRESSIVE;
				CLANG_CXX_LANGUAGE_STANDARD = "gnu++14";
				CLANG_CXX_LIBRARY = "libc++";
				CLANG_ENABLE_MODULES = YES;
				CLANG_ENABLE_OBJC_ARC = YES;
				CLANG_ENABLE_OBJC_WEAK = YES;
				CLANG_WARN_BLOCK_CAPTURE_AUTORELEASING = YES;
				CLANG_WARN_BOOL_CONVERSION = YES;
				CLANG_WARN_COMMA = YES;
				CLANG_WARN_CONSTANT_CONVERSION = YES;
				CLANG_WARN_DEPRECATED_OBJC_IMPLEMENTATIONS = YES;
				CLANG_WARN_DIRECT_OBJC_ISA_USAGE = YES_ERROR;
				CLANG_WARN_DOCUMENTATION_COMMENTS = YES;
				CLANG_WARN_EMPTY_BODY = YES;
				CLANG_WARN_ENUM_CONVERSION = YES;
				CLANG_WARN_INFINITE_RECURSION = YES;
				CLANG_WARN_INT_CONVERSION = YES;
				CLANG_WARN_NON_LITERAL_NULL_CONVERSION = YES;
				CLANG_WARN_OBJC_IMPLICIT_RETAIN_SELF = YES;
				CLANG_WARN_OBJC_LITERAL_CONVERSION = YES;
				CLANG_WARN_OBJC_ROOT_CLASS = YES_ERROR;
				CLANG_WARN_QUOTED_INCLUDE_IN_FRAMEWORK_HEADER = YES;
				CLANG_WARN_RANGE_LOOP_ANALYSIS = YES;
				CLANG_WARN_STRICT_PROTOTYPES = YES;
				CLANG_WARN_SUSPICIOUS_MOVE = YES;
				CLANG_WARN_UNGUARDED_AVAILABILITY = YES_AGGRESSIVE;
				CLANG_WARN_UNREACHABLE_CODE = YES;
				CLANG_WARN__DUPLICATE_METHOD_MATCH = YES;
				COPY_PHASE_STRIP = NO;
				DEBUG_INFORMATION_FORMAT = dwarf;
				ENABLE_STRICT_OBJC_MSGSEND = YES;
				ENABLE_TESTABILITY = YES;
				GCC_C_LANGUAGE_STANDARD = gnu11;
				GCC_DYNAMIC_NO_PIC = NO;
				GCC_NO_COMMON_BLOCKS = YES;
				GCC_OPTIMIZATION_LEVEL = 0;
				GCC_PREPROCESSOR_DEFINITIONS = (
					"DEBUG=1",
					"$(inherited)",
				);
				GCC_WARN_64_TO_32_BIT_CONVERSION = YES;
				GCC_WARN_ABOUT_RETURN_TYPE = YES_ERROR;
				GCC_WARN_UNDECLARED_SELECTOR = YES;
				GCC_WARN_UNINITIALIZED_AUTOS = YES_AGGRESSIVE;
				GCC_WARN_UNUSED_FUNCTION = YES;
				GCC_WARN_UNUSED_VARIABLE = YES;
				IPHONEOS_DEPLOYMENT_TARGET = 13.6;
				MTL_ENABLE_DEBUG_INFO = INCLUDE_SOURCE;
				MTL_FAST_MATH = YES;
				ONLY_ACTIVE_ARCH = YES;
				SDKROOT = iphoneos;
				SWIFT_ACTIVE_COMPILATION_CONDITIONS = DEBUG;
				SWIFT_OPTIMIZATION_LEVEL = "-Onone";
			};
			name = Debug;
		};
		3A9C21AC2505695800F8B0D6 /* Release */ = {
			isa = XCBuildConfiguration;
			buildSettings = {
				ALWAYS_SEARCH_USER_PATHS = NO;
				CLANG_ANALYZER_NONNULL = YES;
				CLANG_ANALYZER_NUMBER_OBJECT_CONVERSION = YES_AGGRESSIVE;
				CLANG_CXX_LANGUAGE_STANDARD = "gnu++14";
				CLANG_CXX_LIBRARY = "libc++";
				CLANG_ENABLE_MODULES = YES;
				CLANG_ENABLE_OBJC_ARC = YES;
				CLANG_ENABLE_OBJC_WEAK = YES;
				CLANG_WARN_BLOCK_CAPTURE_AUTORELEASING = YES;
				CLANG_WARN_BOOL_CONVERSION = YES;
				CLANG_WARN_COMMA = YES;
				CLANG_WARN_CONSTANT_CONVERSION = YES;
				CLANG_WARN_DEPRECATED_OBJC_IMPLEMENTATIONS = YES;
				CLANG_WARN_DIRECT_OBJC_ISA_USAGE = YES_ERROR;
				CLANG_WARN_DOCUMENTATION_COMMENTS = YES;
				CLANG_WARN_EMPTY_BODY = YES;
				CLANG_WARN_ENUM_CONVERSION = YES;
				CLANG_WARN_INFINITE_RECURSION = YES;
				CLANG_WARN_INT_CONVERSION = YES;
				CLANG_WARN_NON_LITERAL_NULL_CONVERSION = YES;
				CLANG_WARN_OBJC_IMPLICIT_RETAIN_SELF = YES;
				CLANG_WARN_OBJC_LITERAL_CONVERSION = YES;
				CLANG_WARN_OBJC_ROOT_CLASS = YES_ERROR;
				CLANG_WARN_QUOTED_INCLUDE_IN_FRAMEWORK_HEADER = YES;
				CLANG_WARN_RANGE_LOOP_ANALYSIS = YES;
				CLANG_WARN_STRICT_PROTOTYPES = YES;
				CLANG_WARN_SUSPICIOUS_MOVE = YES;
				CLANG_WARN_UNGUARDED_AVAILABILITY = YES_AGGRESSIVE;
				CLANG_WARN_UNREACHABLE_CODE = YES;
				CLANG_WARN__DUPLICATE_METHOD_MATCH = YES;
				COPY_PHASE_STRIP = NO;
				DEBUG_INFORMATION_FORMAT = "dwarf-with-dsym";
				ENABLE_NS_ASSERTIONS = NO;
				ENABLE_STRICT_OBJC_MSGSEND = YES;
				GCC_C_LANGUAGE_STANDARD = gnu11;
				GCC_NO_COMMON_BLOCKS = YES;
				GCC_WARN_64_TO_32_BIT_CONVERSION = YES;
				GCC_WARN_ABOUT_RETURN_TYPE = YES_ERROR;
				GCC_WARN_UNDECLARED_SELECTOR = YES;
				GCC_WARN_UNINITIALIZED_AUTOS = YES_AGGRESSIVE;
				GCC_WARN_UNUSED_FUNCTION = YES;
				GCC_WARN_UNUSED_VARIABLE = YES;
				IPHONEOS_DEPLOYMENT_TARGET = 13.6;
				MTL_ENABLE_DEBUG_INFO = NO;
				MTL_FAST_MATH = YES;
				SDKROOT = iphoneos;
				SWIFT_COMPILATION_MODE = wholemodule;
				SWIFT_OPTIMIZATION_LEVEL = "-O";
				VALIDATE_PRODUCT = YES;
			};
			name = Release;
		};
		3A9C21AE2505695800F8B0D6 /* Debug */ = {
			isa = XCBuildConfiguration;
			baseConfigurationReference = C4EB7DBBFA6E2D409B987FCA /* Pods-Pocket SpaceX.debug.xcconfig */;
			buildSettings = {
				ASSETCATALOG_COMPILER_APPICON_NAME = AppIcon;
				CODE_SIGN_STYLE = Automatic;
				CURRENT_PROJECT_VERSION = 9;
				DEVELOPMENT_TEAM = SL47R2R53M;
				INFOPLIST_FILE = "Pocket SpaceX/Info.plist";
				IPHONEOS_DEPLOYMENT_TARGET = 13.0;
				LD_RUNPATH_SEARCH_PATHS = (
					"$(inherited)",
					"@executable_path/Frameworks",
				);
				PRODUCT_BUNDLE_IDENTIFIER = "ant.Pocket-SpaceX";
				PRODUCT_NAME = "$(TARGET_NAME)";
				SWIFT_VERSION = 5.0;
				TARGETED_DEVICE_FAMILY = 1;
			};
			name = Debug;
		};
		3A9C21AF2505695800F8B0D6 /* Release */ = {
			isa = XCBuildConfiguration;
			baseConfigurationReference = 8E476436C7E6549975E54789 /* Pods-Pocket SpaceX.release.xcconfig */;
			buildSettings = {
				ASSETCATALOG_COMPILER_APPICON_NAME = AppIcon;
				CODE_SIGN_STYLE = Automatic;
				CURRENT_PROJECT_VERSION = 9;
				DEVELOPMENT_TEAM = SL47R2R53M;
				INFOPLIST_FILE = "Pocket SpaceX/Info.plist";
				IPHONEOS_DEPLOYMENT_TARGET = 13.0;
				LD_RUNPATH_SEARCH_PATHS = (
					"$(inherited)",
					"@executable_path/Frameworks",
				);
				PRODUCT_BUNDLE_IDENTIFIER = "ant.Pocket-SpaceX";
				PRODUCT_NAME = "$(TARGET_NAME)";
				SWIFT_VERSION = 5.0;
				TARGETED_DEVICE_FAMILY = 1;
			};
			name = Release;
		};
/* End XCBuildConfiguration section */

/* Begin XCConfigurationList section */
		3A9C21942505695400F8B0D6 /* Build configuration list for PBXProject "Pocket SpaceX" */ = {
			isa = XCConfigurationList;
			buildConfigurations = (
				3A9C21AB2505695800F8B0D6 /* Debug */,
				3A9C21AC2505695800F8B0D6 /* Release */,
			);
			defaultConfigurationIsVisible = 0;
			defaultConfigurationName = Release;
		};
		3A9C21AD2505695800F8B0D6 /* Build configuration list for PBXNativeTarget "Pocket SpaceX" */ = {
			isa = XCConfigurationList;
			buildConfigurations = (
				3A9C21AE2505695800F8B0D6 /* Debug */,
				3A9C21AF2505695800F8B0D6 /* Release */,
			);
			defaultConfigurationIsVisible = 0;
			defaultConfigurationName = Release;
		};
/* End XCConfigurationList section */
	};
	rootObject = 3A9C21912505695400F8B0D6 /* Project object */;
}
